Microsoft Visual Studio Solution File, Format Version 12.00
# Visual Studio 15
Project("{8BC9CEB8-8B4A-11D0-8D11-00A0C91BC942}") = "ALL_BUILD", "ALL_BUILD.vcxproj", "{71E90B92-87EE-3A2D-BFA0-5B2973E4E432}"
	ProjectSection(ProjectDependencies) = postProject
		{F6A6355D-5172-38AA-B1E1-6766A1D11821} = {F6A6355D-5172-38AA-B1E1-6766A1D11821}
	EndProjectSection
EndProject
Project("{8BC9CEB8-8B4A-11D0-8D11-00A0C91BC942}") = "INSTALL", "INSTALL.vcxproj", "{8D1743B3-AF3C-39A2-AD6E-7C4C47C9089F}"
	ProjectSection(ProjectDependencies) = postProject
		{71E90B92-87EE-3A2D-BFA0-5B2973E4E432} = {71E90B92-87EE-3A2D-BFA0-5B2973E4E432}
		{F6A6355D-5172-38AA-B1E1-6766A1D11821} = {F6A6355D-5172-38AA-B1E1-6766A1D11821}
	EndProjectSection
EndProject
Project("{8BC9CEB8-8B4A-11D0-8D11-00A0C91BC942}") = "PACKAGE", "PACKAGE.vcxproj", "{B8C61241-50AE-3B4C-823B-2674D3749341}"
	ProjectSection(ProjectDependencies) = postProject
		{71E90B92-87EE-3A2D-BFA0-5B2973E4E432} = {71E90B92-87EE-3A2D-BFA0-5B2973E4E432}
		{F6A6355D-5172-38AA-B1E1-6766A1D11821} = {F6A6355D-5172-38AA-B1E1-6766A1D11821}
	EndProjectSection
EndProject
Project("{8BC9CEB8-8B4A-11D0-8D11-00A0C91BC942}") = "ZERO_CHECK", "..\\ZERO_CHECK.vcxproj", "{F6A6355D-5172-38AA-B1E1-6766A1D11821}"
	ProjectSection(ProjectDependencies) = postProject
	EndProjectSection
EndProject
Global
	GlobalSection(SolutionConfigurationPlatforms) = preSolution
		Debug|x64 = Debug|x64
		Release|x64 = Release|x64
		MinSizeRel|x64 = MinSizeRel|x64
		RelWithDebInfo|x64 = RelWithDebInfo|x64
	EndGlobalSection
	GlobalSection(ProjectConfigurationPlatforms) = postSolution
		{71E90B92-87EE-3A2D-BFA0-5B2973E4E432}.Debug|x64.ActiveCfg = Debug|x64
		{71E90B92-87EE-3A2D-BFA0-5B2973E4E432}.Debug|x64.Build.0 = Debug|x64
		{71E90B92-87EE-3A2D-BFA0-5B2973E4E432}.Release|x64.ActiveCfg = Release|x64
		{71E90B92-87EE-3A2D-BFA0-5B2973E4E432}.Release|x64.Build.0 = Release|x64
		{71E90B92-87EE-3A2D-BFA0-5B2973E4E432}.MinSizeRel|x64.ActiveCfg = MinSizeRel|x64
		{71E90B92-87EE-3A2D-BFA0-5B2973E4E432}.MinSizeRel|x64.Build.0 = MinSizeRel|x64
		{71E90B92-87EE-3A2D-BFA0-5B2973E4E432}.RelWithDebInfo|x64.ActiveCfg = RelWithDebInfo|x64
		{71E90B92-87EE-3A2D-BFA0-5B2973E4E432}.RelWithDebInfo|x64.Build.0 = RelWithDebInfo|x64
		{8D1743B3-AF3C-39A2-AD6E-7C4C47C9089F}.Debug|x64.ActiveCfg = Debug|x64
		{8D1743B3-AF3C-39A2-AD6E-7C4C47C9089F}.Release|x64.ActiveCfg = Release|x64
		{8D1743B3-AF3C-39A2-AD6E-7C4C47C9089F}.MinSizeRel|x64.ActiveCfg = MinSizeRel|x64
		{8D1743B3-AF3C-39A2-AD6E-7C4C47C9089F}.RelWithDebInfo|x64.ActiveCfg = RelWithDebInfo|x64
		{B8C61241-50AE-3B4C-823B-2674D3749341}.Debug|x64.ActiveCfg = Debug|x64
		{B8C61241-50AE-3B4C-823B-2674D3749341}.Release|x64.ActiveCfg = Release|x64
		{B8C61241-50AE-3B4C-823B-2674D3749341}.MinSizeRel|x64.ActiveCfg = MinSizeRel|x64
		{B8C61241-50AE-3B4C-823B-2674D3749341}.RelWithDebInfo|x64.ActiveCfg = RelWithDebInfo|x64
		{F6A6355D-5172-38AA-B1E1-6766A1D11821}.Debug|x64.ActiveCfg = Debug|x64
		{F6A6355D-5172-38AA-B1E1-6766A1D11821}.Debug|x64.Build.0 = Debug|x64
		{F6A6355D-5172-38AA-B1E1-6766A1D11821}.Release|x64.ActiveCfg = Release|x64
		{F6A6355D-5172-38AA-B1E1-6766A1D11821}.Release|x64.Build.0 = Release|x64
		{F6A6355D-5172-38AA-B1E1-6766A1D11821}.MinSizeRel|x64.ActiveCfg = MinSizeRel|x64
		{F6A6355D-5172-38AA-B1E1-6766A1D11821}.MinSizeRel|x64.Build.0 = MinSizeRel|x64
		{F6A6355D-5172-38AA-B1E1-6766A1D11821}.RelWithDebInfo|x64.ActiveCfg = RelWithDebInfo|x64
		{F6A6355D-5172-38AA-B1E1-6766A1D11821}.RelWithDebInfo|x64.Build.0 = RelWithDebInfo|x64
	EndGlobalSection
	GlobalSection(ExtensibilityGlobals) = postSolution
		SolutionGuid = {CD8CEBAD-1200-3D4D-B815-14BFFB2A970F}
	EndGlobalSection
	GlobalSection(ExtensibilityAddIns) = postSolution
	EndGlobalSection
EndGlobal
