<?xml version="1.0" encoding="UTF-8"?>
<Project ToolsVersion="15.0" xmlns="http://schemas.microsoft.com/developer/msbuild/2003">
  <ItemGroup>
    <ClCompile Include="C:\Users\yosef\Documents\Visual Studio 2017\Projects\libstruct\LibLA\complex.cpp">
      <Filter>Source Files</Filter>
    </ClCompile>
    <ClCompile Include="C:\Users\yosef\Documents\Visual Studio 2017\Projects\libstruct\LibLA\libla.cpp">
      <Filter>Source Files</Filter>
    </ClCompile>
    <ClCompile Include="C:\Users\yosef\Documents\Visual Studio 2017\Projects\libstruct\LibLA\matrix.cpp">
      <Filter>Source Files</Filter>
    </ClCompile>
    <ClCompile Include="C:\Users\yosef\Documents\Visual Studio 2017\Projects\libstruct\LibLA\util.cpp">
      <Filter>Source Files</Filter>
    </ClCompile>
    <ClCompile Include="C:\Users\yosef\Documents\Visual Studio 2017\Projects\libstruct\LibStructural\constraint.cpp">
      <Filter>Source Files</Filter>
    </ClCompile>
    <ClCompile Include="C:\Users\yosef\Documents\Visual Studio 2017\Projects\libstruct\LibStructural\libstructural.cpp">
      <Filter>Source Files</Filter>
    </ClCompile>
    <ClCompile Include="C:\Users\yosef\Documents\Visual Studio 2017\Projects\libstruct\LibStructural\objective.cpp">
      <Filter>Source Files</Filter>
    </ClCompile>
    <ClCompile Include="C:\Users\yosef\Documents\Visual Studio 2017\Projects\libstruct\LibStructural\sbmlmodel.cpp">
      <Filter>Source Files</Filter>
    </ClCompile>
  </ItemGroup>
  <ItemGroup>
    <CustomBuild Include="C:\Users\yosef\Documents\Visual Studio 2017\Projects\libstruct\LibStructural\CMakeLists.txt" />
  </ItemGroup>
  <ItemGroup>
    <Filter Include="Source Files">
      <UniqueIdentifier>{799EE09E-2FCE-3FE6-A5B8-0634C7562700}</UniqueIdentifier>
    </Filter>
  </ItemGroup>
</Project>
