<?xml version="1.0" encoding="UTF-8"?>
<Project ToolsVersion="15.0" xmlns="http://schemas.microsoft.com/developer/msbuild/2003">
  <ItemGroup>
    <ClCompile Include="C:\Users\yosef\Documents\Visual Studio 2017\Projects\Libstructural\LibLA\complex.cpp">
      <Filter>Source Files</Filter>
    </ClCompile>
    <ClCompile Include="C:\Users\yosef\Documents\Visual Studio 2017\Projects\Libstructural\LibLA\libla.cpp">
      <Filter>Source Files</Filter>
    </ClCompile>
    <ClCompile Include="C:\Users\yosef\Documents\Visual Studio 2017\Projects\Libstructural\LibLA\matrix.cpp">
      <Filter>Source Files</Filter>
    </ClCompile>
    <ClCompile Include="C:\Users\yosef\Documents\Visual Studio 2017\Projects\Libstructural\LibLA\util.cpp">
      <Filter>Source Files</Filter>
    </ClCompile>
    <ClCompile Include="C:\Users\yosef\Documents\Visual Studio 2017\Projects\Libstructural\LibStructural\constraint.cpp">
      <Filter>Source Files</Filter>
    </ClCompile>
    <ClCompile Include="C:\Users\yosef\Documents\Visual Studio 2017\Projects\Libstructural\LibStructural\libMetaTool4_3.cpp">
      <Filter>Source Files</Filter>
    </ClCompile>
    <ClCompile Include="C:\Users\yosef\Documents\Visual Studio 2017\Projects\Libstructural\LibStructural\libstructural.cpp">
      <Filter>Source Files</Filter>
    </ClCompile>
    <ClCompile Include="C:\Users\yosef\Documents\Visual Studio 2017\Projects\Libstructural\LibStructural\objective.cpp">
      <Filter>Source Files</Filter>
    </ClCompile>
    <ClCompile Include="C:\Users\yosef\Documents\Visual Studio 2017\Projects\Libstructural\LibStructural\sbmlmodel.cpp">
      <Filter>Source Files</Filter>
    </ClCompile>
  </ItemGroup>
  <ItemGroup>
    <CustomBuild Include="C:\Users\yosef\Documents\Visual Studio 2017\Projects\Libstructural\LibStructural\CMakeLists.txt" />
  </ItemGroup>
  <ItemGroup>
    <Filter Include="Source Files">
      <UniqueIdentifier>{1308BAD3-D6C4-3AC4-99C0-583BAC9213BF}</UniqueIdentifier>
    </Filter>
  </ItemGroup>
</Project>
