Microsoft Visual Studio Solution File, Format Version 12.00
# Visual Studio 15
Project("{8BC9CEB8-8B4A-11D0-8D11-00A0C91BC942}") = "ALL_BUILD", "ALL_BUILD.vcxproj", "{43E8C31F-3D50-3B8F-B40D-9759B1614778}"
	ProjectSection(ProjectDependencies) = postProject
		{1507D929-19BA-3ECB-8BD6-FC7E081CB544} = {1507D929-19BA-3ECB-8BD6-FC7E081CB544}
		{17D97970-D8BB-32C7-8265-AE1B65D8912D} = {17D97970-D8BB-32C7-8265-AE1B65D8912D}
		{A95FB454-D08A-3B7B-A038-6927ABA140D0} = {A95FB454-D08A-3B7B-A038-6927ABA140D0}
		{56E95EFD-FB97-345E-9D84-172BB9DB67A9} = {56E95EFD-FB97-345E-9D84-172BB9DB67A9}
		{725BABB2-6562-3E15-9D98-CD5097AD5BAE} = {725BABB2-6562-3E15-9D98-CD5097AD5BAE}
		{2ECA8FB4-22C8-3AF7-82BD-439BCDD92573} = {2ECA8FB4-22C8-3AF7-82BD-439BCDD92573}
	EndProjectSection
EndProject
Project("{8BC9CEB8-8B4A-11D0-8D11-00A0C91BC942}") = "INSTALL", "INSTALL.vcxproj", "{5A71E2B7-28C5-3357-9F45-F47820116E7B}"
	ProjectSection(ProjectDependencies) = postProject
		{43E8C31F-3D50-3B8F-B40D-9759B1614778} = {43E8C31F-3D50-3B8F-B40D-9759B1614778}
		{725BABB2-6562-3E15-9D98-CD5097AD5BAE} = {725BABB2-6562-3E15-9D98-CD5097AD5BAE}
	EndProjectSection
EndProject
Project("{8BC9CEB8-8B4A-11D0-8D11-00A0C91BC942}") = "LibLA", "LibLA\LibLA.vcxproj", "{1507D929-19BA-3ECB-8BD6-FC7E081CB544}"
	ProjectSection(ProjectDependencies) = postProject
		{725BABB2-6562-3E15-9D98-CD5097AD5BAE} = {725BABB2-6562-3E15-9D98-CD5097AD5BAE}
	EndProjectSection
EndProject
Project("{8BC9CEB8-8B4A-11D0-8D11-00A0C91BC942}") = "LibLA-static", "LibLA\LibLA-static.vcxproj", "{17D97970-D8BB-32C7-8265-AE1B65D8912D}"
	ProjectSection(ProjectDependencies) = postProject
		{725BABB2-6562-3E15-9D98-CD5097AD5BAE} = {725BABB2-6562-3E15-9D98-CD5097AD5BAE}
	EndProjectSection
EndProject
Project("{8BC9CEB8-8B4A-11D0-8D11-00A0C91BC942}") = "LibStructural", "LibStructural\LibStructural.vcxproj", "{A95FB454-D08A-3B7B-A038-6927ABA140D0}"
	ProjectSection(ProjectDependencies) = postProject
		{725BABB2-6562-3E15-9D98-CD5097AD5BAE} = {725BABB2-6562-3E15-9D98-CD5097AD5BAE}
	EndProjectSection
EndProject
Project("{8BC9CEB8-8B4A-11D0-8D11-00A0C91BC942}") = "LibStructural-static", "LibStructural\LibStructural-static.vcxproj", "{56E95EFD-FB97-345E-9D84-172BB9DB67A9}"
	ProjectSection(ProjectDependencies) = postProject
		{17D97970-D8BB-32C7-8265-AE1B65D8912D} = {17D97970-D8BB-32C7-8265-AE1B65D8912D}
		{725BABB2-6562-3E15-9D98-CD5097AD5BAE} = {725BABB2-6562-3E15-9D98-CD5097AD5BAE}
	EndProjectSection
EndProject
Project("{8BC9CEB8-8B4A-11D0-8D11-00A0C91BC942}") = "PACKAGE", "PACKAGE.vcxproj", "{3C25E29E-9D54-3BEE-BBC9-A47CCCD34AED}"
	ProjectSection(ProjectDependencies) = postProject
		{43E8C31F-3D50-3B8F-B40D-9759B1614778} = {43E8C31F-3D50-3B8F-B40D-9759B1614778}
		{725BABB2-6562-3E15-9D98-CD5097AD5BAE} = {725BABB2-6562-3E15-9D98-CD5097AD5BAE}
	EndProjectSection
EndProject
Project("{8BC9CEB8-8B4A-11D0-8D11-00A0C91BC942}") = "ZERO_CHECK", "ZERO_CHECK.vcxproj", "{725BABB2-6562-3E15-9D98-CD5097AD5BAE}"
	ProjectSection(ProjectDependencies) = postProject
	EndProjectSection
EndProject
Project("{8BC9CEB8-8B4A-11D0-8D11-00A0C91BC942}") = "_structural", "SWIG\_structural.vcxproj", "{2ECA8FB4-22C8-3AF7-82BD-439BCDD92573}"
	ProjectSection(ProjectDependencies) = postProject
		{17D97970-D8BB-32C7-8265-AE1B65D8912D} = {17D97970-D8BB-32C7-8265-AE1B65D8912D}
		{56E95EFD-FB97-345E-9D84-172BB9DB67A9} = {56E95EFD-FB97-345E-9D84-172BB9DB67A9}
		{725BABB2-6562-3E15-9D98-CD5097AD5BAE} = {725BABB2-6562-3E15-9D98-CD5097AD5BAE}
	EndProjectSection
EndProject
Global
	GlobalSection(SolutionConfigurationPlatforms) = preSolution
		Debug|x64 = Debug|x64
		Release|x64 = Release|x64
		MinSizeRel|x64 = MinSizeRel|x64
		RelWithDebInfo|x64 = RelWithDebInfo|x64
	EndGlobalSection
	GlobalSection(ProjectConfigurationPlatforms) = postSolution
		{43E8C31F-3D50-3B8F-B40D-9759B1614778}.Debug|x64.ActiveCfg = Debug|x64
		{43E8C31F-3D50-3B8F-B40D-9759B1614778}.Debug|x64.Build.0 = Debug|x64
		{43E8C31F-3D50-3B8F-B40D-9759B1614778}.Release|x64.ActiveCfg = Release|x64
		{43E8C31F-3D50-3B8F-B40D-9759B1614778}.Release|x64.Build.0 = Release|x64
		{43E8C31F-3D50-3B8F-B40D-9759B1614778}.MinSizeRel|x64.ActiveCfg = MinSizeRel|x64
		{43E8C31F-3D50-3B8F-B40D-9759B1614778}.MinSizeRel|x64.Build.0 = MinSizeRel|x64
		{43E8C31F-3D50-3B8F-B40D-9759B1614778}.RelWithDebInfo|x64.ActiveCfg = RelWithDebInfo|x64
		{43E8C31F-3D50-3B8F-B40D-9759B1614778}.RelWithDebInfo|x64.Build.0 = RelWithDebInfo|x64
		{5A71E2B7-28C5-3357-9F45-F47820116E7B}.Debug|x64.ActiveCfg = Debug|x64
		{5A71E2B7-28C5-3357-9F45-F47820116E7B}.Release|x64.ActiveCfg = Release|x64
		{5A71E2B7-28C5-3357-9F45-F47820116E7B}.MinSizeRel|x64.ActiveCfg = MinSizeRel|x64
		{5A71E2B7-28C5-3357-9F45-F47820116E7B}.RelWithDebInfo|x64.ActiveCfg = RelWithDebInfo|x64
		{1507D929-19BA-3ECB-8BD6-FC7E081CB544}.Debug|x64.ActiveCfg = Debug|x64
		{1507D929-19BA-3ECB-8BD6-FC7E081CB544}.Debug|x64.Build.0 = Debug|x64
		{1507D929-19BA-3ECB-8BD6-FC7E081CB544}.Release|x64.ActiveCfg = Release|x64
		{1507D929-19BA-3ECB-8BD6-FC7E081CB544}.Release|x64.Build.0 = Release|x64
		{1507D929-19BA-3ECB-8BD6-FC7E081CB544}.MinSizeRel|x64.ActiveCfg = MinSizeRel|x64
		{1507D929-19BA-3ECB-8BD6-FC7E081CB544}.MinSizeRel|x64.Build.0 = MinSizeRel|x64
		{1507D929-19BA-3ECB-8BD6-FC7E081CB544}.RelWithDebInfo|x64.ActiveCfg = RelWithDebInfo|x64
		{1507D929-19BA-3ECB-8BD6-FC7E081CB544}.RelWithDebInfo|x64.Build.0 = RelWithDebInfo|x64
		{17D97970-D8BB-32C7-8265-AE1B65D8912D}.Debug|x64.ActiveCfg = Debug|x64
		{17D97970-D8BB-32C7-8265-AE1B65D8912D}.Debug|x64.Build.0 = Debug|x64
		{17D97970-D8BB-32C7-8265-AE1B65D8912D}.Release|x64.ActiveCfg = Release|x64
		{17D97970-D8BB-32C7-8265-AE1B65D8912D}.Release|x64.Build.0 = Release|x64
		{17D97970-D8BB-32C7-8265-AE1B65D8912D}.MinSizeRel|x64.ActiveCfg = MinSizeRel|x64
		{17D97970-D8BB-32C7-8265-AE1B65D8912D}.MinSizeRel|x64.Build.0 = MinSizeRel|x64
		{17D97970-D8BB-32C7-8265-AE1B65D8912D}.RelWithDebInfo|x64.ActiveCfg = RelWithDebInfo|x64
		{17D97970-D8BB-32C7-8265-AE1B65D8912D}.RelWithDebInfo|x64.Build.0 = RelWithDebInfo|x64
		{A95FB454-D08A-3B7B-A038-6927ABA140D0}.Debug|x64.ActiveCfg = Debug|x64
		{A95FB454-D08A-3B7B-A038-6927ABA140D0}.Debug|x64.Build.0 = Debug|x64
		{A95FB454-D08A-3B7B-A038-6927ABA140D0}.Release|x64.ActiveCfg = Release|x64
		{A95FB454-D08A-3B7B-A038-6927ABA140D0}.Release|x64.Build.0 = Release|x64
		{A95FB454-D08A-3B7B-A038-6927ABA140D0}.MinSizeRel|x64.ActiveCfg = MinSizeRel|x64
		{A95FB454-D08A-3B7B-A038-6927ABA140D0}.MinSizeRel|x64.Build.0 = MinSizeRel|x64
		{A95FB454-D08A-3B7B-A038-6927ABA140D0}.RelWithDebInfo|x64.ActiveCfg = RelWithDebInfo|x64
		{A95FB454-D08A-3B7B-A038-6927ABA140D0}.RelWithDebInfo|x64.Build.0 = RelWithDebInfo|x64
		{56E95EFD-FB97-345E-9D84-172BB9DB67A9}.Debug|x64.ActiveCfg = Debug|x64
		{56E95EFD-FB97-345E-9D84-172BB9DB67A9}.Debug|x64.Build.0 = Debug|x64
		{56E95EFD-FB97-345E-9D84-172BB9DB67A9}.Release|x64.ActiveCfg = Release|x64
		{56E95EFD-FB97-345E-9D84-172BB9DB67A9}.Release|x64.Build.0 = Release|x64
		{56E95EFD-FB97-345E-9D84-172BB9DB67A9}.MinSizeRel|x64.ActiveCfg = MinSizeRel|x64
		{56E95EFD-FB97-345E-9D84-172BB9DB67A9}.MinSizeRel|x64.Build.0 = MinSizeRel|x64
		{56E95EFD-FB97-345E-9D84-172BB9DB67A9}.RelWithDebInfo|x64.ActiveCfg = RelWithDebInfo|x64
		{56E95EFD-FB97-345E-9D84-172BB9DB67A9}.RelWithDebInfo|x64.Build.0 = RelWithDebInfo|x64
		{3C25E29E-9D54-3BEE-BBC9-A47CCCD34AED}.Debug|x64.ActiveCfg = Debug|x64
		{3C25E29E-9D54-3BEE-BBC9-A47CCCD34AED}.Release|x64.ActiveCfg = Release|x64
		{3C25E29E-9D54-3BEE-BBC9-A47CCCD34AED}.MinSizeRel|x64.ActiveCfg = MinSizeRel|x64
		{3C25E29E-9D54-3BEE-BBC9-A47CCCD34AED}.RelWithDebInfo|x64.ActiveCfg = RelWithDebInfo|x64
		{725BABB2-6562-3E15-9D98-CD5097AD5BAE}.Debug|x64.ActiveCfg = Debug|x64
		{725BABB2-6562-3E15-9D98-CD5097AD5BAE}.Debug|x64.Build.0 = Debug|x64
		{725BABB2-6562-3E15-9D98-CD5097AD5BAE}.Release|x64.ActiveCfg = Release|x64
		{725BABB2-6562-3E15-9D98-CD5097AD5BAE}.Release|x64.Build.0 = Release|x64
		{725BABB2-6562-3E15-9D98-CD5097AD5BAE}.MinSizeRel|x64.ActiveCfg = MinSizeRel|x64
		{725BABB2-6562-3E15-9D98-CD5097AD5BAE}.MinSizeRel|x64.Build.0 = MinSizeRel|x64
		{725BABB2-6562-3E15-9D98-CD5097AD5BAE}.RelWithDebInfo|x64.ActiveCfg = RelWithDebInfo|x64
		{725BABB2-6562-3E15-9D98-CD5097AD5BAE}.RelWithDebInfo|x64.Build.0 = RelWithDebInfo|x64
		{2ECA8FB4-22C8-3AF7-82BD-439BCDD92573}.Debug|x64.ActiveCfg = Debug|x64
		{2ECA8FB4-22C8-3AF7-82BD-439BCDD92573}.Debug|x64.Build.0 = Debug|x64
		{2ECA8FB4-22C8-3AF7-82BD-439BCDD92573}.Release|x64.ActiveCfg = Release|x64
		{2ECA8FB4-22C8-3AF7-82BD-439BCDD92573}.Release|x64.Build.0 = Release|x64
		{2ECA8FB4-22C8-3AF7-82BD-439BCDD92573}.MinSizeRel|x64.ActiveCfg = MinSizeRel|x64
		{2ECA8FB4-22C8-3AF7-82BD-439BCDD92573}.MinSizeRel|x64.Build.0 = MinSizeRel|x64
		{2ECA8FB4-22C8-3AF7-82BD-439BCDD92573}.RelWithDebInfo|x64.ActiveCfg = RelWithDebInfo|x64
		{2ECA8FB4-22C8-3AF7-82BD-439BCDD92573}.RelWithDebInfo|x64.Build.0 = RelWithDebInfo|x64
	EndGlobalSection
	GlobalSection(ExtensibilityGlobals) = postSolution
		SolutionGuid = {FBCF0797-3056-32EA-A0F6-C3EC77DFEF17}
	EndGlobalSection
	GlobalSection(ExtensibilityAddIns) = postSolution
	EndGlobalSection
EndGlobal
