Microsoft Visual Studio Solution File, Format Version 12.00
# Visual Studio 15
Project("{8BC9CEB8-8B4A-11D0-8D11-00A0C91BC942}") = "ALL_BUILD", "ALL_BUILD.vcxproj", "{71E90B92-87EE-3A2D-BFA0-5B2973E4E432}"
	ProjectSection(ProjectDependencies) = postProject
		{3A05A9B3-69E0-3E55-AFB8-EA54E192A243} = {3A05A9B3-69E0-3E55-AFB8-EA54E192A243}
		{700CCC4D-4C0D-310B-974D-5368C8B5F6FA} = {700CCC4D-4C0D-310B-974D-5368C8B5F6FA}
		{FAB72E0E-C926-3F09-8BA0-52F62C16A596} = {FAB72E0E-C926-3F09-8BA0-52F62C16A596}
		{89F77093-DC6F-324C-B3CC-0DB72EB676C0} = {89F77093-DC6F-324C-B3CC-0DB72EB676C0}
		{F6A6355D-5172-38AA-B1E1-6766A1D11821} = {F6A6355D-5172-38AA-B1E1-6766A1D11821}
		{099582A7-970B-368D-BD31-51D2160DB608} = {099582A7-970B-368D-BD31-51D2160DB608}
	EndProjectSection
EndProject
Project("{8BC9CEB8-8B4A-11D0-8D11-00A0C91BC942}") = "INSTALL", "INSTALL.vcxproj", "{8D1743B3-AF3C-39A2-AD6E-7C4C47C9089F}"
	ProjectSection(ProjectDependencies) = postProject
		{71E90B92-87EE-3A2D-BFA0-5B2973E4E432} = {71E90B92-87EE-3A2D-BFA0-5B2973E4E432}
		{F6A6355D-5172-38AA-B1E1-6766A1D11821} = {F6A6355D-5172-38AA-B1E1-6766A1D11821}
	EndProjectSection
EndProject
Project("{8BC9CEB8-8B4A-11D0-8D11-00A0C91BC942}") = "LibLA", "LibLA\LibLA.vcxproj", "{3A05A9B3-69E0-3E55-AFB8-EA54E192A243}"
	ProjectSection(ProjectDependencies) = postProject
		{F6A6355D-5172-38AA-B1E1-6766A1D11821} = {F6A6355D-5172-38AA-B1E1-6766A1D11821}
	EndProjectSection
EndProject
Project("{8BC9CEB8-8B4A-11D0-8D11-00A0C91BC942}") = "LibLA-static", "LibLA\LibLA-static.vcxproj", "{700CCC4D-4C0D-310B-974D-5368C8B5F6FA}"
	ProjectSection(ProjectDependencies) = postProject
		{F6A6355D-5172-38AA-B1E1-6766A1D11821} = {F6A6355D-5172-38AA-B1E1-6766A1D11821}
	EndProjectSection
EndProject
Project("{8BC9CEB8-8B4A-11D0-8D11-00A0C91BC942}") = "LibStructural", "LibStructural\LibStructural.vcxproj", "{FAB72E0E-C926-3F09-8BA0-52F62C16A596}"
	ProjectSection(ProjectDependencies) = postProject
		{F6A6355D-5172-38AA-B1E1-6766A1D11821} = {F6A6355D-5172-38AA-B1E1-6766A1D11821}
	EndProjectSection
EndProject
Project("{8BC9CEB8-8B4A-11D0-8D11-00A0C91BC942}") = "LibStructural-static", "LibStructural\LibStructural-static.vcxproj", "{89F77093-DC6F-324C-B3CC-0DB72EB676C0}"
	ProjectSection(ProjectDependencies) = postProject
		{700CCC4D-4C0D-310B-974D-5368C8B5F6FA} = {700CCC4D-4C0D-310B-974D-5368C8B5F6FA}
		{F6A6355D-5172-38AA-B1E1-6766A1D11821} = {F6A6355D-5172-38AA-B1E1-6766A1D11821}
	EndProjectSection
EndProject
Project("{8BC9CEB8-8B4A-11D0-8D11-00A0C91BC942}") = "PACKAGE", "PACKAGE.vcxproj", "{B8C61241-50AE-3B4C-823B-2674D3749341}"
	ProjectSection(ProjectDependencies) = postProject
		{71E90B92-87EE-3A2D-BFA0-5B2973E4E432} = {71E90B92-87EE-3A2D-BFA0-5B2973E4E432}
		{F6A6355D-5172-38AA-B1E1-6766A1D11821} = {F6A6355D-5172-38AA-B1E1-6766A1D11821}
	EndProjectSection
EndProject
Project("{8BC9CEB8-8B4A-11D0-8D11-00A0C91BC942}") = "ZERO_CHECK", "ZERO_CHECK.vcxproj", "{F6A6355D-5172-38AA-B1E1-6766A1D11821}"
	ProjectSection(ProjectDependencies) = postProject
	EndProjectSection
EndProject
Project("{8BC9CEB8-8B4A-11D0-8D11-00A0C91BC942}") = "_structural", "SWIG\_structural.vcxproj", "{099582A7-970B-368D-BD31-51D2160DB608}"
	ProjectSection(ProjectDependencies) = postProject
		{700CCC4D-4C0D-310B-974D-5368C8B5F6FA} = {700CCC4D-4C0D-310B-974D-5368C8B5F6FA}
		{89F77093-DC6F-324C-B3CC-0DB72EB676C0} = {89F77093-DC6F-324C-B3CC-0DB72EB676C0}
		{F6A6355D-5172-38AA-B1E1-6766A1D11821} = {F6A6355D-5172-38AA-B1E1-6766A1D11821}
	EndProjectSection
EndProject
Global
	GlobalSection(SolutionConfigurationPlatforms) = preSolution
		Debug|x64 = Debug|x64
		Release|x64 = Release|x64
		MinSizeRel|x64 = MinSizeRel|x64
		RelWithDebInfo|x64 = RelWithDebInfo|x64
	EndGlobalSection
	GlobalSection(ProjectConfigurationPlatforms) = postSolution
		{71E90B92-87EE-3A2D-BFA0-5B2973E4E432}.Debug|x64.ActiveCfg = Debug|x64
		{71E90B92-87EE-3A2D-BFA0-5B2973E4E432}.Debug|x64.Build.0 = Debug|x64
		{71E90B92-87EE-3A2D-BFA0-5B2973E4E432}.Release|x64.ActiveCfg = Release|x64
		{71E90B92-87EE-3A2D-BFA0-5B2973E4E432}.Release|x64.Build.0 = Release|x64
		{71E90B92-87EE-3A2D-BFA0-5B2973E4E432}.MinSizeRel|x64.ActiveCfg = MinSizeRel|x64
		{71E90B92-87EE-3A2D-BFA0-5B2973E4E432}.MinSizeRel|x64.Build.0 = MinSizeRel|x64
		{71E90B92-87EE-3A2D-BFA0-5B2973E4E432}.RelWithDebInfo|x64.ActiveCfg = RelWithDebInfo|x64
		{71E90B92-87EE-3A2D-BFA0-5B2973E4E432}.RelWithDebInfo|x64.Build.0 = RelWithDebInfo|x64
		{8D1743B3-AF3C-39A2-AD6E-7C4C47C9089F}.Debug|x64.ActiveCfg = Debug|x64
		{8D1743B3-AF3C-39A2-AD6E-7C4C47C9089F}.Release|x64.ActiveCfg = Release|x64
		{8D1743B3-AF3C-39A2-AD6E-7C4C47C9089F}.MinSizeRel|x64.ActiveCfg = MinSizeRel|x64
		{8D1743B3-AF3C-39A2-AD6E-7C4C47C9089F}.RelWithDebInfo|x64.ActiveCfg = RelWithDebInfo|x64
		{3A05A9B3-69E0-3E55-AFB8-EA54E192A243}.Debug|x64.ActiveCfg = Debug|x64
		{3A05A9B3-69E0-3E55-AFB8-EA54E192A243}.Debug|x64.Build.0 = Debug|x64
		{3A05A9B3-69E0-3E55-AFB8-EA54E192A243}.Release|x64.ActiveCfg = Release|x64
		{3A05A9B3-69E0-3E55-AFB8-EA54E192A243}.Release|x64.Build.0 = Release|x64
		{3A05A9B3-69E0-3E55-AFB8-EA54E192A243}.MinSizeRel|x64.ActiveCfg = MinSizeRel|x64
		{3A05A9B3-69E0-3E55-AFB8-EA54E192A243}.MinSizeRel|x64.Build.0 = MinSizeRel|x64
		{3A05A9B3-69E0-3E55-AFB8-EA54E192A243}.RelWithDebInfo|x64.ActiveCfg = RelWithDebInfo|x64
		{3A05A9B3-69E0-3E55-AFB8-EA54E192A243}.RelWithDebInfo|x64.Build.0 = RelWithDebInfo|x64
		{700CCC4D-4C0D-310B-974D-5368C8B5F6FA}.Debug|x64.ActiveCfg = Debug|x64
		{700CCC4D-4C0D-310B-974D-5368C8B5F6FA}.Debug|x64.Build.0 = Debug|x64
		{700CCC4D-4C0D-310B-974D-5368C8B5F6FA}.Release|x64.ActiveCfg = Release|x64
		{700CCC4D-4C0D-310B-974D-5368C8B5F6FA}.Release|x64.Build.0 = Release|x64
		{700CCC4D-4C0D-310B-974D-5368C8B5F6FA}.MinSizeRel|x64.ActiveCfg = MinSizeRel|x64
		{700CCC4D-4C0D-310B-974D-5368C8B5F6FA}.MinSizeRel|x64.Build.0 = MinSizeRel|x64
		{700CCC4D-4C0D-310B-974D-5368C8B5F6FA}.RelWithDebInfo|x64.ActiveCfg = RelWithDebInfo|x64
		{700CCC4D-4C0D-310B-974D-5368C8B5F6FA}.RelWithDebInfo|x64.Build.0 = RelWithDebInfo|x64
		{FAB72E0E-C926-3F09-8BA0-52F62C16A596}.Debug|x64.ActiveCfg = Debug|x64
		{FAB72E0E-C926-3F09-8BA0-52F62C16A596}.Debug|x64.Build.0 = Debug|x64
		{FAB72E0E-C926-3F09-8BA0-52F62C16A596}.Release|x64.ActiveCfg = Release|x64
		{FAB72E0E-C926-3F09-8BA0-52F62C16A596}.Release|x64.Build.0 = Release|x64
		{FAB72E0E-C926-3F09-8BA0-52F62C16A596}.MinSizeRel|x64.ActiveCfg = MinSizeRel|x64
		{FAB72E0E-C926-3F09-8BA0-52F62C16A596}.MinSizeRel|x64.Build.0 = MinSizeRel|x64
		{FAB72E0E-C926-3F09-8BA0-52F62C16A596}.RelWithDebInfo|x64.ActiveCfg = RelWithDebInfo|x64
		{FAB72E0E-C926-3F09-8BA0-52F62C16A596}.RelWithDebInfo|x64.Build.0 = RelWithDebInfo|x64
		{89F77093-DC6F-324C-B3CC-0DB72EB676C0}.Debug|x64.ActiveCfg = Debug|x64
		{89F77093-DC6F-324C-B3CC-0DB72EB676C0}.Debug|x64.Build.0 = Debug|x64
		{89F77093-DC6F-324C-B3CC-0DB72EB676C0}.Release|x64.ActiveCfg = Release|x64
		{89F77093-DC6F-324C-B3CC-0DB72EB676C0}.Release|x64.Build.0 = Release|x64
		{89F77093-DC6F-324C-B3CC-0DB72EB676C0}.MinSizeRel|x64.ActiveCfg = MinSizeRel|x64
		{89F77093-DC6F-324C-B3CC-0DB72EB676C0}.MinSizeRel|x64.Build.0 = MinSizeRel|x64
		{89F77093-DC6F-324C-B3CC-0DB72EB676C0}.RelWithDebInfo|x64.ActiveCfg = RelWithDebInfo|x64
		{89F77093-DC6F-324C-B3CC-0DB72EB676C0}.RelWithDebInfo|x64.Build.0 = RelWithDebInfo|x64
		{B8C61241-50AE-3B4C-823B-2674D3749341}.Debug|x64.ActiveCfg = Debug|x64
		{B8C61241-50AE-3B4C-823B-2674D3749341}.Release|x64.ActiveCfg = Release|x64
		{B8C61241-50AE-3B4C-823B-2674D3749341}.MinSizeRel|x64.ActiveCfg = MinSizeRel|x64
		{B8C61241-50AE-3B4C-823B-2674D3749341}.RelWithDebInfo|x64.ActiveCfg = RelWithDebInfo|x64
		{F6A6355D-5172-38AA-B1E1-6766A1D11821}.Debug|x64.ActiveCfg = Debug|x64
		{F6A6355D-5172-38AA-B1E1-6766A1D11821}.Debug|x64.Build.0 = Debug|x64
		{F6A6355D-5172-38AA-B1E1-6766A1D11821}.Release|x64.ActiveCfg = Release|x64
		{F6A6355D-5172-38AA-B1E1-6766A1D11821}.Release|x64.Build.0 = Release|x64
		{F6A6355D-5172-38AA-B1E1-6766A1D11821}.MinSizeRel|x64.ActiveCfg = MinSizeRel|x64
		{F6A6355D-5172-38AA-B1E1-6766A1D11821}.MinSizeRel|x64.Build.0 = MinSizeRel|x64
		{F6A6355D-5172-38AA-B1E1-6766A1D11821}.RelWithDebInfo|x64.ActiveCfg = RelWithDebInfo|x64
		{F6A6355D-5172-38AA-B1E1-6766A1D11821}.RelWithDebInfo|x64.Build.0 = RelWithDebInfo|x64
		{099582A7-970B-368D-BD31-51D2160DB608}.Debug|x64.ActiveCfg = Debug|x64
		{099582A7-970B-368D-BD31-51D2160DB608}.Debug|x64.Build.0 = Debug|x64
		{099582A7-970B-368D-BD31-51D2160DB608}.Release|x64.ActiveCfg = Release|x64
		{099582A7-970B-368D-BD31-51D2160DB608}.Release|x64.Build.0 = Release|x64
		{099582A7-970B-368D-BD31-51D2160DB608}.MinSizeRel|x64.ActiveCfg = MinSizeRel|x64
		{099582A7-970B-368D-BD31-51D2160DB608}.MinSizeRel|x64.Build.0 = MinSizeRel|x64
		{099582A7-970B-368D-BD31-51D2160DB608}.RelWithDebInfo|x64.ActiveCfg = RelWithDebInfo|x64
		{099582A7-970B-368D-BD31-51D2160DB608}.RelWithDebInfo|x64.Build.0 = RelWithDebInfo|x64
	EndGlobalSection
	GlobalSection(ExtensibilityGlobals) = postSolution
		SolutionGuid = {34085F21-C890-32E6-B16D-BAEB2229998F}
	EndGlobalSection
	GlobalSection(ExtensibilityAddIns) = postSolution
	EndGlobalSection
EndGlobal
