Microsoft Visual Studio Solution File, Format Version 12.00
# Visual Studio 15
Project("{8BC9CEB8-8B4A-11D0-8D11-00A0C91BC942}") = "ALL_BUILD", "ALL_BUILD.vcxproj", "{2EAE998F-2F38-30AD-8A0A-1A2B0B6E4A91}"
	ProjectSection(ProjectDependencies) = postProject
		{AAB3782A-C76A-3750-B5FB-0A883A871774} = {AAB3782A-C76A-3750-B5FB-0A883A871774}
		{91B49BA2-501C-3C48-986C-09AD111D7AB0} = {91B49BA2-501C-3C48-986C-09AD111D7AB0}
		{6EEFB58E-C257-30B0-9292-EBE1392DEE59} = {6EEFB58E-C257-30B0-9292-EBE1392DEE59}
		{916AF8AE-D9BE-3B22-88F7-6A4DF2983F18} = {916AF8AE-D9BE-3B22-88F7-6A4DF2983F18}
		{81319980-AA4F-35EE-9621-2B8D2AEB50B3} = {81319980-AA4F-35EE-9621-2B8D2AEB50B3}
		{E0E274E2-A438-34D2-ACED-C07C6525543C} = {E0E274E2-A438-34D2-ACED-C07C6525543C}
	EndProjectSection
EndProject
Project("{8BC9CEB8-8B4A-11D0-8D11-00A0C91BC942}") = "INSTALL", "INSTALL.vcxproj", "{760CA9F4-B611-3E24-854C-D8D522A31B12}"
	ProjectSection(ProjectDependencies) = postProject
		{2EAE998F-2F38-30AD-8A0A-1A2B0B6E4A91} = {2EAE998F-2F38-30AD-8A0A-1A2B0B6E4A91}
		{81319980-AA4F-35EE-9621-2B8D2AEB50B3} = {81319980-AA4F-35EE-9621-2B8D2AEB50B3}
	EndProjectSection
EndProject
Project("{8BC9CEB8-8B4A-11D0-8D11-00A0C91BC942}") = "LibLA", "LibLA\LibLA.vcxproj", "{AAB3782A-C76A-3750-B5FB-0A883A871774}"
	ProjectSection(ProjectDependencies) = postProject
		{81319980-AA4F-35EE-9621-2B8D2AEB50B3} = {81319980-AA4F-35EE-9621-2B8D2AEB50B3}
	EndProjectSection
EndProject
Project("{8BC9CEB8-8B4A-11D0-8D11-00A0C91BC942}") = "LibLA-static", "LibLA\LibLA-static.vcxproj", "{91B49BA2-501C-3C48-986C-09AD111D7AB0}"
	ProjectSection(ProjectDependencies) = postProject
		{81319980-AA4F-35EE-9621-2B8D2AEB50B3} = {81319980-AA4F-35EE-9621-2B8D2AEB50B3}
	EndProjectSection
EndProject
Project("{8BC9CEB8-8B4A-11D0-8D11-00A0C91BC942}") = "LibStructural", "LibStructural\LibStructural.vcxproj", "{6EEFB58E-C257-30B0-9292-EBE1392DEE59}"
	ProjectSection(ProjectDependencies) = postProject
		{81319980-AA4F-35EE-9621-2B8D2AEB50B3} = {81319980-AA4F-35EE-9621-2B8D2AEB50B3}
	EndProjectSection
EndProject
Project("{8BC9CEB8-8B4A-11D0-8D11-00A0C91BC942}") = "LibStructural-static", "LibStructural\LibStructural-static.vcxproj", "{916AF8AE-D9BE-3B22-88F7-6A4DF2983F18}"
	ProjectSection(ProjectDependencies) = postProject
		{91B49BA2-501C-3C48-986C-09AD111D7AB0} = {91B49BA2-501C-3C48-986C-09AD111D7AB0}
		{81319980-AA4F-35EE-9621-2B8D2AEB50B3} = {81319980-AA4F-35EE-9621-2B8D2AEB50B3}
	EndProjectSection
EndProject
Project("{8BC9CEB8-8B4A-11D0-8D11-00A0C91BC942}") = "PACKAGE", "PACKAGE.vcxproj", "{EEB16D19-2B80-352C-897C-C082D1C853E4}"
	ProjectSection(ProjectDependencies) = postProject
		{2EAE998F-2F38-30AD-8A0A-1A2B0B6E4A91} = {2EAE998F-2F38-30AD-8A0A-1A2B0B6E4A91}
		{81319980-AA4F-35EE-9621-2B8D2AEB50B3} = {81319980-AA4F-35EE-9621-2B8D2AEB50B3}
	EndProjectSection
EndProject
Project("{8BC9CEB8-8B4A-11D0-8D11-00A0C91BC942}") = "ZERO_CHECK", "ZERO_CHECK.vcxproj", "{81319980-AA4F-35EE-9621-2B8D2AEB50B3}"
	ProjectSection(ProjectDependencies) = postProject
	EndProjectSection
EndProject
Project("{8BC9CEB8-8B4A-11D0-8D11-00A0C91BC942}") = "_structural", "SWIG\_structural.vcxproj", "{E0E274E2-A438-34D2-ACED-C07C6525543C}"
	ProjectSection(ProjectDependencies) = postProject
		{91B49BA2-501C-3C48-986C-09AD111D7AB0} = {91B49BA2-501C-3C48-986C-09AD111D7AB0}
		{916AF8AE-D9BE-3B22-88F7-6A4DF2983F18} = {916AF8AE-D9BE-3B22-88F7-6A4DF2983F18}
		{81319980-AA4F-35EE-9621-2B8D2AEB50B3} = {81319980-AA4F-35EE-9621-2B8D2AEB50B3}
	EndProjectSection
EndProject
Global
	GlobalSection(SolutionConfigurationPlatforms) = preSolution
		Debug|x64 = Debug|x64
		Release|x64 = Release|x64
		MinSizeRel|x64 = MinSizeRel|x64
		RelWithDebInfo|x64 = RelWithDebInfo|x64
	EndGlobalSection
	GlobalSection(ProjectConfigurationPlatforms) = postSolution
		{2EAE998F-2F38-30AD-8A0A-1A2B0B6E4A91}.Debug|x64.ActiveCfg = Debug|x64
		{2EAE998F-2F38-30AD-8A0A-1A2B0B6E4A91}.Debug|x64.Build.0 = Debug|x64
		{2EAE998F-2F38-30AD-8A0A-1A2B0B6E4A91}.Release|x64.ActiveCfg = Release|x64
		{2EAE998F-2F38-30AD-8A0A-1A2B0B6E4A91}.Release|x64.Build.0 = Release|x64
		{2EAE998F-2F38-30AD-8A0A-1A2B0B6E4A91}.MinSizeRel|x64.ActiveCfg = MinSizeRel|x64
		{2EAE998F-2F38-30AD-8A0A-1A2B0B6E4A91}.MinSizeRel|x64.Build.0 = MinSizeRel|x64
		{2EAE998F-2F38-30AD-8A0A-1A2B0B6E4A91}.RelWithDebInfo|x64.ActiveCfg = RelWithDebInfo|x64
		{2EAE998F-2F38-30AD-8A0A-1A2B0B6E4A91}.RelWithDebInfo|x64.Build.0 = RelWithDebInfo|x64
		{760CA9F4-B611-3E24-854C-D8D522A31B12}.Debug|x64.ActiveCfg = Debug|x64
		{760CA9F4-B611-3E24-854C-D8D522A31B12}.Release|x64.ActiveCfg = Release|x64
		{760CA9F4-B611-3E24-854C-D8D522A31B12}.MinSizeRel|x64.ActiveCfg = MinSizeRel|x64
		{760CA9F4-B611-3E24-854C-D8D522A31B12}.RelWithDebInfo|x64.ActiveCfg = RelWithDebInfo|x64
		{AAB3782A-C76A-3750-B5FB-0A883A871774}.Debug|x64.ActiveCfg = Debug|x64
		{AAB3782A-C76A-3750-B5FB-0A883A871774}.Debug|x64.Build.0 = Debug|x64
		{AAB3782A-C76A-3750-B5FB-0A883A871774}.Release|x64.ActiveCfg = Release|x64
		{AAB3782A-C76A-3750-B5FB-0A883A871774}.Release|x64.Build.0 = Release|x64
		{AAB3782A-C76A-3750-B5FB-0A883A871774}.MinSizeRel|x64.ActiveCfg = MinSizeRel|x64
		{AAB3782A-C76A-3750-B5FB-0A883A871774}.MinSizeRel|x64.Build.0 = MinSizeRel|x64
		{AAB3782A-C76A-3750-B5FB-0A883A871774}.RelWithDebInfo|x64.ActiveCfg = RelWithDebInfo|x64
		{AAB3782A-C76A-3750-B5FB-0A883A871774}.RelWithDebInfo|x64.Build.0 = RelWithDebInfo|x64
		{91B49BA2-501C-3C48-986C-09AD111D7AB0}.Debug|x64.ActiveCfg = Debug|x64
		{91B49BA2-501C-3C48-986C-09AD111D7AB0}.Debug|x64.Build.0 = Debug|x64
		{91B49BA2-501C-3C48-986C-09AD111D7AB0}.Release|x64.ActiveCfg = Release|x64
		{91B49BA2-501C-3C48-986C-09AD111D7AB0}.Release|x64.Build.0 = Release|x64
		{91B49BA2-501C-3C48-986C-09AD111D7AB0}.MinSizeRel|x64.ActiveCfg = MinSizeRel|x64
		{91B49BA2-501C-3C48-986C-09AD111D7AB0}.MinSizeRel|x64.Build.0 = MinSizeRel|x64
		{91B49BA2-501C-3C48-986C-09AD111D7AB0}.RelWithDebInfo|x64.ActiveCfg = RelWithDebInfo|x64
		{91B49BA2-501C-3C48-986C-09AD111D7AB0}.RelWithDebInfo|x64.Build.0 = RelWithDebInfo|x64
		{6EEFB58E-C257-30B0-9292-EBE1392DEE59}.Debug|x64.ActiveCfg = Debug|x64
		{6EEFB58E-C257-30B0-9292-EBE1392DEE59}.Debug|x64.Build.0 = Debug|x64
		{6EEFB58E-C257-30B0-9292-EBE1392DEE59}.Release|x64.ActiveCfg = Release|x64
		{6EEFB58E-C257-30B0-9292-EBE1392DEE59}.Release|x64.Build.0 = Release|x64
		{6EEFB58E-C257-30B0-9292-EBE1392DEE59}.MinSizeRel|x64.ActiveCfg = MinSizeRel|x64
		{6EEFB58E-C257-30B0-9292-EBE1392DEE59}.MinSizeRel|x64.Build.0 = MinSizeRel|x64
		{6EEFB58E-C257-30B0-9292-EBE1392DEE59}.RelWithDebInfo|x64.ActiveCfg = RelWithDebInfo|x64
		{6EEFB58E-C257-30B0-9292-EBE1392DEE59}.RelWithDebInfo|x64.Build.0 = RelWithDebInfo|x64
		{916AF8AE-D9BE-3B22-88F7-6A4DF2983F18}.Debug|x64.ActiveCfg = Debug|x64
		{916AF8AE-D9BE-3B22-88F7-6A4DF2983F18}.Debug|x64.Build.0 = Debug|x64
		{916AF8AE-D9BE-3B22-88F7-6A4DF2983F18}.Release|x64.ActiveCfg = Release|x64
		{916AF8AE-D9BE-3B22-88F7-6A4DF2983F18}.Release|x64.Build.0 = Release|x64
		{916AF8AE-D9BE-3B22-88F7-6A4DF2983F18}.MinSizeRel|x64.ActiveCfg = MinSizeRel|x64
		{916AF8AE-D9BE-3B22-88F7-6A4DF2983F18}.MinSizeRel|x64.Build.0 = MinSizeRel|x64
		{916AF8AE-D9BE-3B22-88F7-6A4DF2983F18}.RelWithDebInfo|x64.ActiveCfg = RelWithDebInfo|x64
		{916AF8AE-D9BE-3B22-88F7-6A4DF2983F18}.RelWithDebInfo|x64.Build.0 = RelWithDebInfo|x64
		{EEB16D19-2B80-352C-897C-C082D1C853E4}.Debug|x64.ActiveCfg = Debug|x64
		{EEB16D19-2B80-352C-897C-C082D1C853E4}.Release|x64.ActiveCfg = Release|x64
		{EEB16D19-2B80-352C-897C-C082D1C853E4}.MinSizeRel|x64.ActiveCfg = MinSizeRel|x64
		{EEB16D19-2B80-352C-897C-C082D1C853E4}.RelWithDebInfo|x64.ActiveCfg = RelWithDebInfo|x64
		{81319980-AA4F-35EE-9621-2B8D2AEB50B3}.Debug|x64.ActiveCfg = Debug|x64
		{81319980-AA4F-35EE-9621-2B8D2AEB50B3}.Debug|x64.Build.0 = Debug|x64
		{81319980-AA4F-35EE-9621-2B8D2AEB50B3}.Release|x64.ActiveCfg = Release|x64
		{81319980-AA4F-35EE-9621-2B8D2AEB50B3}.Release|x64.Build.0 = Release|x64
		{81319980-AA4F-35EE-9621-2B8D2AEB50B3}.MinSizeRel|x64.ActiveCfg = MinSizeRel|x64
		{81319980-AA4F-35EE-9621-2B8D2AEB50B3}.MinSizeRel|x64.Build.0 = MinSizeRel|x64
		{81319980-AA4F-35EE-9621-2B8D2AEB50B3}.RelWithDebInfo|x64.ActiveCfg = RelWithDebInfo|x64
		{81319980-AA4F-35EE-9621-2B8D2AEB50B3}.RelWithDebInfo|x64.Build.0 = RelWithDebInfo|x64
		{E0E274E2-A438-34D2-ACED-C07C6525543C}.Debug|x64.ActiveCfg = Debug|x64
		{E0E274E2-A438-34D2-ACED-C07C6525543C}.Debug|x64.Build.0 = Debug|x64
		{E0E274E2-A438-34D2-ACED-C07C6525543C}.Release|x64.ActiveCfg = Release|x64
		{E0E274E2-A438-34D2-ACED-C07C6525543C}.Release|x64.Build.0 = Release|x64
		{E0E274E2-A438-34D2-ACED-C07C6525543C}.MinSizeRel|x64.ActiveCfg = MinSizeRel|x64
		{E0E274E2-A438-34D2-ACED-C07C6525543C}.MinSizeRel|x64.Build.0 = MinSizeRel|x64
		{E0E274E2-A438-34D2-ACED-C07C6525543C}.RelWithDebInfo|x64.ActiveCfg = RelWithDebInfo|x64
		{E0E274E2-A438-34D2-ACED-C07C6525543C}.RelWithDebInfo|x64.Build.0 = RelWithDebInfo|x64
	EndGlobalSection
	GlobalSection(ExtensibilityGlobals) = postSolution
		SolutionGuid = {21F6983A-1070-39C4-9F12-539139BC4734}
	EndGlobalSection
	GlobalSection(ExtensibilityAddIns) = postSolution
	EndGlobalSection
EndGlobal
