// !$*UTF8*$!
{
	archiveVersion = 1;
	classes = {
	};
	objectVersion = 46;
	objects = {

/* Begin PBXAggregateTarget section */
		9563026A2CEC4F8E895CC931 /* ZERO_CHECK */ = {
			isa = PBXAggregateTarget;
			buildConfigurationList = 9EFD29347D844E8C9E2DE883 /* Build configuration list for PBXAggregateTarget "ZERO_CHECK" */;
			buildPhases = (
				438F94307D7246579C096384 /* CMake Rules */,
			);
			dependencies = (
			);
			name = ZERO_CHECK;
			productName = ZERO_CHECK;
		};
		DD2BFDF53CD04052ABC7D427 /* install */ = {
			isa = PBXAggregateTarget;
			buildConfigurationList = 0646CBF2DF9B4B73BF0DFEEE /* Build configuration list for PBXAggregateTarget "install" */;
			buildPhases = (
				25EFCD973036448896F9FFF8 /* CMake PostBuild Rules */,
			);
			dependencies = (
				8FDF19078F81419D9EB367E9 /* PBXTargetDependency */,
			);
			name = install;
			productName = install;
		};
		E898878D03894362946D151F /* ALL_BUILD */ = {
			isa = PBXAggregateTarget;
			buildConfigurationList = 4D12155D6E974DDA90AF1768 /* Build configuration list for PBXAggregateTarget "ALL_BUILD" */;
			buildPhases = (
				10E8A9E5830D4A9399FF097E /* CMake Rules */,
			);
			dependencies = (
				A87D352056FA4D5E99FA0D1B /* PBXTargetDependency */,
				4F4628DD20B449668F27C673 /* PBXTargetDependency */,
				1E6FE7B4A4994081BA5539F8 /* PBXTargetDependency */,
				C6E9E58BDD4C4C03A5FD0A95 /* PBXTargetDependency */,
				E5A549CD483448AFABD7C025 /* PBXTargetDependency */,
			);
			name = ALL_BUILD;
			productName = ALL_BUILD;
		};
		F533CA0154BC4BDB9B9F0660 /* package */ = {
			isa = PBXAggregateTarget;
			buildConfigurationList = A038F2A1B8FB4E53ACCF18B0 /* Build configuration list for PBXAggregateTarget "package" */;
			buildPhases = (
				F6A114F83AD748E3AE744658 /* CMake PostBuild Rules */,
			);
			dependencies = (
				ED225A72F22C4AF98C54E489 /* PBXTargetDependency */,
			);
			name = package;
			productName = package;
		};
/* End PBXAggregateTarget section */

/* Begin PBXBuildFile section */
		10F84D0085A045829545408C /* lpresult.cpp in Sources */ = {isa = PBXBuildFile; fileRef = 7A954D24E443463B85DA7E73 /* lpresult.cpp */; };
		1AB611AF14AD4389AD4ABDD8 /* util.cpp in Sources */ = {isa = PBXBuildFile; fileRef = 7F011F3753614AB181EF14FC /* util.cpp */; };
		244EDA365E99495C9DA6990B /* sbmlmodel.cpp in Sources */ = {isa = PBXBuildFile; fileRef = D8F8E5D1FFD14B70A7B0B436 /* sbmlmodel.cpp */; };
		24AE305AC3884BB69C1E14CE /* sbmlmodel.cpp in Sources */ = {isa = PBXBuildFile; fileRef = 2074244081974B8B99CE5E59 /* sbmlmodel.cpp */; };
		28A1059194824B39828F29C6 /* constraint.cpp in Sources */ = {isa = PBXBuildFile; fileRef = 177615AA5B884DC7B6015919 /* constraint.cpp */; };
		28DF071A4ECD4301AB188E4F /* matrix.cpp in Sources */ = {isa = PBXBuildFile; fileRef = 664B180C9F58498090444036 /* matrix.cpp */; };
		31E5A050B4B749E2AB7C7D17 /* lpresult.cpp in Sources */ = {isa = PBXBuildFile; fileRef = 8C6310D0893F4670B79DF3B8 /* lpresult.cpp */; };
		3A51846746484F38BB5D21C7 /* objective.cpp in Sources */ = {isa = PBXBuildFile; fileRef = 8CFDC0C342C844A6B6339F2B /* objective.cpp */; };
		43044EEAD19645549034BF63 /* fluxbalance.cpp in Sources */ = {isa = PBXBuildFile; fileRef = DD98E48A0E2944A6B5F40C9C /* fluxbalance.cpp */; };
		4A75779321D341C6BB9E6358 /* libla.cpp in Sources */ = {isa = PBXBuildFile; fileRef = 2143DF79C9384952B3F6A836 /* libla.cpp */; };
		4C23327CF5224AADA14A9328 /* libla.cpp in Sources */ = {isa = PBXBuildFile; fileRef = 18A6662600274D9CA9BAD39A /* libla.cpp */; };
		5555AD47151F4643B35BCFD9 /* util.cpp in Sources */ = {isa = PBXBuildFile; fileRef = 3F1B312F643A4F9B801AB3B9 /* util.cpp */; };
		56D80FE371064063A8A84216 /* constraint.cpp in Sources */ = {isa = PBXBuildFile; fileRef = 6100D3917FBD493883356326 /* constraint.cpp */; };
		6F5E38093C1A45BD927E53BB /* libla.cpp in Sources */ = {isa = PBXBuildFile; fileRef = FEFE6BFBE5C944498B0C622E /* libla.cpp */; };
		7C89C256756A456BA2FA0633 /* complex.cpp in Sources */ = {isa = PBXBuildFile; fileRef = 94B7C9B0D59340CDB19C3D2B /* complex.cpp */; };
		7CF331CBDAFA418EAB71563C /* matrix.cpp in Sources */ = {isa = PBXBuildFile; fileRef = 59A7746DDD70455C929691FE /* matrix.cpp */; };
		8BA6EE69624A4BA5AC11EBDD /* complex.cpp in Sources */ = {isa = PBXBuildFile; fileRef = 73761C5075E84EF98CF12F05 /* complex.cpp */; };
		9BF5607A64A1470186C5B126 /* libstructural.cpp in Sources */ = {isa = PBXBuildFile; fileRef = 3FAB0979534B492B98F86820 /* libstructural.cpp */; };
		A284D57D83CB4BA7B67B77C4 /* util.cpp in Sources */ = {isa = PBXBuildFile; fileRef = 4E0889F693D14214B86E638A /* util.cpp */; };
		ADEA0B2FB4FA4044B1A9CF6A /* complex.cpp in Sources */ = {isa = PBXBuildFile; fileRef = 8FC03982847044E1916CE4A1 /* complex.cpp */; };
		B74108101E7948778F76DB8C /* libstructural.cpp in Sources */ = {isa = PBXBuildFile; fileRef = 126FE007859842599C149BB7 /* libstructural.cpp */; };
		BA40981669CD47E2993F44F4 /* matrix.cpp in Sources */ = {isa = PBXBuildFile; fileRef = BB17CF5F4248464C9DA517AC /* matrix.cpp */; };
		BCA0B6CDCB5649D2941E61D3 /* objective.cpp in Sources */ = {isa = PBXBuildFile; fileRef = 8777EA0729F7493EBDCAAA64 /* objective.cpp */; };
		DBDB081474844DAEB21E16A0 /* fluxbalance.cpp in Sources */ = {isa = PBXBuildFile; fileRef = 8E9D42310E664E6A80834539 /* fluxbalance.cpp */; };
/* End PBXBuildFile section */

/* Begin PBXContainerItemProxy section */
		0CC1106CC6E743A6A75CF335 /* PBXContainerItemProxy */ = {
			isa = PBXContainerItemProxy;
			containerPortal = C49E854777CD44739260B018 /* Project object */;
			proxyType = 1;
			remoteGlobalIDString = F0E25425A016457986CFEFA9;
			remoteInfo = "LibStructural-static";
		};
		2FE44020345646699B1BCE5C /* PBXContainerItemProxy */ = {
			isa = PBXContainerItemProxy;
			containerPortal = C49E854777CD44739260B018 /* Project object */;
			proxyType = 1;
			remoteGlobalIDString = C854AC1064864BE18066FA87;
			remoteInfo = "LibLA-static";
		};
		32E167DF04E34A0A820E8D28 /* PBXContainerItemProxy */ = {
			isa = PBXContainerItemProxy;
			containerPortal = C49E854777CD44739260B018 /* Project object */;
			proxyType = 1;
			remoteGlobalIDString = CE846C959BFF4CC9A809A491;
			remoteInfo = LibLA;
		};
		335245E681C445CD94D809DC /* PBXContainerItemProxy */ = {
			isa = PBXContainerItemProxy;
			containerPortal = C49E854777CD44739260B018 /* Project object */;
			proxyType = 1;
			remoteGlobalIDString = 9563026A2CEC4F8E895CC931;
			remoteInfo = ZERO_CHECK;
		};
		4D8C7FF6019B443FA8AEACD6 /* PBXContainerItemProxy */ = {
			isa = PBXContainerItemProxy;
			containerPortal = C49E854777CD44739260B018 /* Project object */;
			proxyType = 1;
			remoteGlobalIDString = 9563026A2CEC4F8E895CC931;
			remoteInfo = ZERO_CHECK;
		};
		5ABBF9E380204EE8BDD35EC3 /* PBXContainerItemProxy */ = {
			isa = PBXContainerItemProxy;
			containerPortal = C49E854777CD44739260B018 /* Project object */;
			proxyType = 1;
			remoteGlobalIDString = C854AC1064864BE18066FA87;
			remoteInfo = "LibLA-static";
		};
		7964C8C5060C422788898F79 /* PBXContainerItemProxy */ = {
			isa = PBXContainerItemProxy;
			containerPortal = C49E854777CD44739260B018 /* Project object */;
			proxyType = 1;
			remoteGlobalIDString = E898878D03894362946D151F;
			remoteInfo = ALL_BUILD;
		};
		AB1A293E186B4965A44AE80C /* PBXContainerItemProxy */ = {
			isa = PBXContainerItemProxy;
			containerPortal = C49E854777CD44739260B018 /* Project object */;
			proxyType = 1;
			remoteGlobalIDString = 9563026A2CEC4F8E895CC931;
			remoteInfo = ZERO_CHECK;
		};
		B0513F8B83864BC298E4520B /* PBXContainerItemProxy */ = {
			isa = PBXContainerItemProxy;
			containerPortal = C49E854777CD44739260B018 /* Project object */;
			proxyType = 1;
			remoteGlobalIDString = E898878D03894362946D151F;
			remoteInfo = ALL_BUILD;
		};
		D65F4359CF474100B0EDD6C9 /* PBXContainerItemProxy */ = {
			isa = PBXContainerItemProxy;
			containerPortal = C49E854777CD44739260B018 /* Project object */;
			proxyType = 1;
			remoteGlobalIDString = 9563026A2CEC4F8E895CC931;
			remoteInfo = ZERO_CHECK;
		};
		D66EA2251D30415FB1E0D20D /* PBXContainerItemProxy */ = {
			isa = PBXContainerItemProxy;
			containerPortal = C49E854777CD44739260B018 /* Project object */;
			proxyType = 1;
			remoteGlobalIDString = C854AC1064864BE18066FA87;
			remoteInfo = "LibLA-static";
		};
		EF7A4FF82F994DDE92504AE9 /* PBXContainerItemProxy */ = {
			isa = PBXContainerItemProxy;
			containerPortal = C49E854777CD44739260B018 /* Project object */;
			proxyType = 1;
			remoteGlobalIDString = 9563026A2CEC4F8E895CC931;
			remoteInfo = ZERO_CHECK;
		};
		F28E7668AF2245A49E23DF89 /* PBXContainerItemProxy */ = {
			isa = PBXContainerItemProxy;
			containerPortal = C49E854777CD44739260B018 /* Project object */;
			proxyType = 1;
			remoteGlobalIDString = FBBEAFBF16504CB68748C2F6;
			remoteInfo = LibStructural;
		};
/* End PBXContainerItemProxy section */

/* Begin PBXFileReference section */
		10E67D1EDBD64C7CA67FCAE9 /* CMakeLists.txt */ = {isa = PBXFileReference; explicitFileType = sourcecode.text; fileEncoding = 4; lastKnownFileType = text; name = CMakeLists.txt; path = LibLA/CMakeLists.txt; sourceTree = SOURCE_ROOT; };
		126FE007859842599C149BB7 /* libstructural.cpp */ = {isa = PBXFileReference; explicitFileType = sourcecode.cpp.cpp; fileEncoding = 4; name = libstructural.cpp; path = LibStructural/libstructural.cpp; sourceTree = SOURCE_ROOT; };
		177615AA5B884DC7B6015919 /* constraint.cpp */ = {isa = PBXFileReference; explicitFileType = sourcecode.cpp.cpp; fileEncoding = 4; name = constraint.cpp; path = LibStructural/constraint.cpp; sourceTree = SOURCE_ROOT; };
		18A6662600274D9CA9BAD39A /* libla.cpp */ = {isa = PBXFileReference; explicitFileType = sourcecode.cpp.cpp; fileEncoding = 4; name = libla.cpp; path = LibLA/libla.cpp; sourceTree = SOURCE_ROOT; };
		2074244081974B8B99CE5E59 /* sbmlmodel.cpp */ = {isa = PBXFileReference; explicitFileType = sourcecode.cpp.cpp; fileEncoding = 4; name = sbmlmodel.cpp; path = LibStructural/sbmlmodel.cpp; sourceTree = SOURCE_ROOT; };
		2143DF79C9384952B3F6A836 /* libla.cpp */ = {isa = PBXFileReference; explicitFileType = sourcecode.cpp.cpp; fileEncoding = 4; name = libla.cpp; path = LibLA/libla.cpp; sourceTree = SOURCE_ROOT; };
		3F1B312F643A4F9B801AB3B9 /* util.cpp */ = {isa = PBXFileReference; explicitFileType = sourcecode.cpp.cpp; fileEncoding = 4; name = util.cpp; path = LibLA/util.cpp; sourceTree = SOURCE_ROOT; };
		3F645DC1BF41471089275D07 /* CMakeLists.txt */ = {isa = PBXFileReference; explicitFileType = sourcecode.text; fileEncoding = 4; lastKnownFileType = text; name = CMakeLists.txt; path = LibStructural/CMakeLists.txt; sourceTree = SOURCE_ROOT; };
		3FAB0979534B492B98F86820 /* libstructural.cpp */ = {isa = PBXFileReference; explicitFileType = sourcecode.cpp.cpp; fileEncoding = 4; name = libstructural.cpp; path = LibStructural/libstructural.cpp; sourceTree = SOURCE_ROOT; };
		4E0889F693D14214B86E638A /* util.cpp */ = {isa = PBXFileReference; explicitFileType = sourcecode.cpp.cpp; fileEncoding = 4; name = util.cpp; path = LibLA/util.cpp; sourceTree = SOURCE_ROOT; };
		58AA92BCE5344DB09380C037 /* CMakeLists.txt */ = {isa = PBXFileReference; explicitFileType = sourcecode.text; fileEncoding = 4; lastKnownFileType = text; path = CMakeLists.txt; sourceTree = SOURCE_ROOT; };
		59A7746DDD70455C929691FE /* matrix.cpp */ = {isa = PBXFileReference; explicitFileType = sourcecode.cpp.cpp; fileEncoding = 4; name = matrix.cpp; path = LibLA/matrix.cpp; sourceTree = SOURCE_ROOT; };
		6100D3917FBD493883356326 /* constraint.cpp */ = {isa = PBXFileReference; explicitFileType = sourcecode.cpp.cpp; fileEncoding = 4; name = constraint.cpp; path = LibStructural/constraint.cpp; sourceTree = SOURCE_ROOT; };
		664B180C9F58498090444036 /* matrix.cpp */ = {isa = PBXFileReference; explicitFileType = sourcecode.cpp.cpp; fileEncoding = 4; name = matrix.cpp; path = LibLA/matrix.cpp; sourceTree = SOURCE_ROOT; };
		68079EB5BD6943A9B37F779F /* libLibStructural-static.a */ = {isa = PBXFileReference; explicitFileType = archive.ar; path = "libLibStructural-static.a"; sourceTree = BUILT_PRODUCTS_DIR; };
		73761C5075E84EF98CF12F05 /* complex.cpp */ = {isa = PBXFileReference; explicitFileType = sourcecode.cpp.cpp; fileEncoding = 4; name = complex.cpp; path = LibLA/complex.cpp; sourceTree = SOURCE_ROOT; };
		7A954D24E443463B85DA7E73 /* lpresult.cpp */ = {isa = PBXFileReference; explicitFileType = sourcecode.cpp.cpp; fileEncoding = 4; name = lpresult.cpp; path = LibStructural/lpresult.cpp; sourceTree = SOURCE_ROOT; };
		7F011F3753614AB181EF14FC /* util.cpp */ = {isa = PBXFileReference; explicitFileType = sourcecode.cpp.cpp; fileEncoding = 4; name = util.cpp; path = LibLA/util.cpp; sourceTree = SOURCE_ROOT; };
		848BEBD5019D4A8C878AC8C0 /* CMakeLists.txt */ = {isa = PBXFileReference; explicitFileType = sourcecode.text; fileEncoding = 4; lastKnownFileType = text; path = CMakeLists.txt; sourceTree = SOURCE_ROOT; };
		8777EA0729F7493EBDCAAA64 /* objective.cpp */ = {isa = PBXFileReference; explicitFileType = sourcecode.cpp.cpp; fileEncoding = 4; name = objective.cpp; path = LibStructural/objective.cpp; sourceTree = SOURCE_ROOT; };
		8C6310D0893F4670B79DF3B8 /* lpresult.cpp */ = {isa = PBXFileReference; explicitFileType = sourcecode.cpp.cpp; fileEncoding = 4; name = lpresult.cpp; path = LibStructural/lpresult.cpp; sourceTree = SOURCE_ROOT; };
		8CFDC0C342C844A6B6339F2B /* objective.cpp */ = {isa = PBXFileReference; explicitFileType = sourcecode.cpp.cpp; fileEncoding = 4; name = objective.cpp; path = LibStructural/objective.cpp; sourceTree = SOURCE_ROOT; };
		8E9D42310E664E6A80834539 /* fluxbalance.cpp */ = {isa = PBXFileReference; explicitFileType = sourcecode.cpp.cpp; fileEncoding = 4; name = fluxbalance.cpp; path = LibStructural/fluxbalance.cpp; sourceTree = SOURCE_ROOT; };
		8FC03982847044E1916CE4A1 /* complex.cpp */ = {isa = PBXFileReference; explicitFileType = sourcecode.cpp.cpp; fileEncoding = 4; name = complex.cpp; path = LibLA/complex.cpp; sourceTree = SOURCE_ROOT; };
		94B7C9B0D59340CDB19C3D2B /* complex.cpp */ = {isa = PBXFileReference; explicitFileType = sourcecode.cpp.cpp; fileEncoding = 4; name = complex.cpp; path = LibLA/complex.cpp; sourceTree = SOURCE_ROOT; };
		A1373D8977C847F0B380BA28 /* libLibLA.dylib */ = {isa = PBXFileReference; explicitFileType = "compiled.mach-o.dylib"; path = libLibLA.dylib; sourceTree = BUILT_PRODUCTS_DIR; };
		B8FA0A5532B6495A9D209F3D /* CMakeLists.txt */ = {isa = PBXFileReference; explicitFileType = sourcecode.text; fileEncoding = 4; lastKnownFileType = text; name = CMakeLists.txt; path = LibLA/CMakeLists.txt; sourceTree = SOURCE_ROOT; };
		BB17CF5F4248464C9DA517AC /* matrix.cpp */ = {isa = PBXFileReference; explicitFileType = sourcecode.cpp.cpp; fileEncoding = 4; name = matrix.cpp; path = LibLA/matrix.cpp; sourceTree = SOURCE_ROOT; };
		D8F8E5D1FFD14B70A7B0B436 /* sbmlmodel.cpp */ = {isa = PBXFileReference; explicitFileType = sourcecode.cpp.cpp; fileEncoding = 4; name = sbmlmodel.cpp; path = LibStructural/sbmlmodel.cpp; sourceTree = SOURCE_ROOT; };
		DD484BF4F4E7411D843637DA /* libLibStructural.dylib */ = {isa = PBXFileReference; explicitFileType = "compiled.mach-o.dylib"; path = libLibStructural.dylib; sourceTree = BUILT_PRODUCTS_DIR; };
		DD98E48A0E2944A6B5F40C9C /* fluxbalance.cpp */ = {isa = PBXFileReference; explicitFileType = sourcecode.cpp.cpp; fileEncoding = 4; name = fluxbalance.cpp; path = LibStructural/fluxbalance.cpp; sourceTree = SOURCE_ROOT; };
		FC575337B0B942AF9F0E3541 /* libLibLA-static.a */ = {isa = PBXFileReference; explicitFileType = archive.ar; path = "libLibLA-static.a"; sourceTree = BUILT_PRODUCTS_DIR; };
		FD2E92DBCB384CD79A42EF5D /* CMakeLists.txt */ = {isa = PBXFileReference; explicitFileType = sourcecode.text; fileEncoding = 4; lastKnownFileType = text; name = CMakeLists.txt; path = LibStructural/CMakeLists.txt; sourceTree = SOURCE_ROOT; };
		FEFE6BFBE5C944498B0C622E /* libla.cpp */ = {isa = PBXFileReference; explicitFileType = sourcecode.cpp.cpp; fileEncoding = 4; name = libla.cpp; path = LibLA/libla.cpp; sourceTree = SOURCE_ROOT; };
/* End PBXFileReference section */

/* Begin PBXGroup section */
		0B6C04CF27A643F6881E90A3 /* CMake Rules */ = {
			isa = PBXGroup;
			children = (
			);
			name = "CMake Rules";
			sourceTree = "<group>";
		};
		212E9FF48D5A4F799550B870 /* CMake Rules */ = {
			isa = PBXGroup;
			children = (
			);
			name = "CMake Rules";
			sourceTree = "<group>";
		};
		22D8037C35E54711A5B19097 /* Source Files */ = {
			isa = PBXGroup;
			children = (
				94B7C9B0D59340CDB19C3D2B /* complex.cpp */,
				18A6662600274D9CA9BAD39A /* libla.cpp */,
				BB17CF5F4248464C9DA517AC /* matrix.cpp */,
				3F1B312F643A4F9B801AB3B9 /* util.cpp */,
			);
			name = "Source Files";
			sourceTree = "<group>";
		};
		266ACB05FC8F4ECC8C8D7407 /* Products */ = {
			isa = PBXGroup;
			children = (
				A1373D8977C847F0B380BA28 /* libLibLA.dylib */,
				FC575337B0B942AF9F0E3541 /* libLibLA-static.a */,
				DD484BF4F4E7411D843637DA /* libLibStructural.dylib */,
				68079EB5BD6943A9B37F779F /* libLibStructural-static.a */,
			);
			name = Products;
			sourceTree = "<group>";
		};
		2794B0965EB740188EF473CA = {
			isa = PBXGroup;
			children = (
				A6C03D7F002E48DAB6C23E49 /* ALL_BUILD */,
				4B210CE333034BE69AA1BE4A /* ZERO_CHECK */,
				30EACEB0A3EB4622B31B5141 /* LibLA-static */,
				6C138CE173924485A303BDBF /* LibLA */,
				D61AF74AB56C4F9F9FF98455 /* LibStructural-static */,
				74DB92CB21F64FC49FD1DB62 /* LibStructural */,
				266ACB05FC8F4ECC8C8D7407 /* Products */,
			);
			sourceTree = "<group>";
		};
		30EACEB0A3EB4622B31B5141 /* LibLA-static */ = {
			isa = PBXGroup;
			children = (
				22D8037C35E54711A5B19097 /* Source Files */,
				B8FA0A5532B6495A9D209F3D /* CMakeLists.txt */,
			);
			name = "LibLA-static";
			sourceTree = "<group>";
		};
		3C1513C76F8F42D7944771FB /* Source Files */ = {
			isa = PBXGroup;
			children = (
				177615AA5B884DC7B6015919 /* constraint.cpp */,
				DD98E48A0E2944A6B5F40C9C /* fluxbalance.cpp */,
				3FAB0979534B492B98F86820 /* libstructural.cpp */,
				8C6310D0893F4670B79DF3B8 /* lpresult.cpp */,
				8777EA0729F7493EBDCAAA64 /* objective.cpp */,
				2074244081974B8B99CE5E59 /* sbmlmodel.cpp */,
			);
			name = "Source Files";
			sourceTree = "<group>";
		};
		3C59927E4D894EA092F09BAD /* Source Files */ = {
			isa = PBXGroup;
			children = (
				73761C5075E84EF98CF12F05 /* complex.cpp */,
				2143DF79C9384952B3F6A836 /* libla.cpp */,
				59A7746DDD70455C929691FE /* matrix.cpp */,
				7F011F3753614AB181EF14FC /* util.cpp */,
				6100D3917FBD493883356326 /* constraint.cpp */,
				8E9D42310E664E6A80834539 /* fluxbalance.cpp */,
				126FE007859842599C149BB7 /* libstructural.cpp */,
				7A954D24E443463B85DA7E73 /* lpresult.cpp */,
				8CFDC0C342C844A6B6339F2B /* objective.cpp */,
				D8F8E5D1FFD14B70A7B0B436 /* sbmlmodel.cpp */,
			);
			name = "Source Files";
			sourceTree = "<group>";
		};
		4B210CE333034BE69AA1BE4A /* ZERO_CHECK */ = {
			isa = PBXGroup;
			children = (
				0B6C04CF27A643F6881E90A3 /* CMake Rules */,
				848BEBD5019D4A8C878AC8C0 /* CMakeLists.txt */,
			);
			name = ZERO_CHECK;
			sourceTree = "<group>";
		};
		5E5462AA8D80422795833970 /* Source Files */ = {
			isa = PBXGroup;
			children = (
				8FC03982847044E1916CE4A1 /* complex.cpp */,
				FEFE6BFBE5C944498B0C622E /* libla.cpp */,
				664B180C9F58498090444036 /* matrix.cpp */,
				4E0889F693D14214B86E638A /* util.cpp */,
			);
			name = "Source Files";
			sourceTree = "<group>";
		};
		6C138CE173924485A303BDBF /* LibLA */ = {
			isa = PBXGroup;
			children = (
				5E5462AA8D80422795833970 /* Source Files */,
				10E67D1EDBD64C7CA67FCAE9 /* CMakeLists.txt */,
			);
			name = LibLA;
			sourceTree = "<group>";
		};
		74DB92CB21F64FC49FD1DB62 /* LibStructural */ = {
			isa = PBXGroup;
			children = (
				3C59927E4D894EA092F09BAD /* Source Files */,
				3F645DC1BF41471089275D07 /* CMakeLists.txt */,
			);
			name = LibStructural;
			sourceTree = "<group>";
		};
		A6C03D7F002E48DAB6C23E49 /* ALL_BUILD */ = {
			isa = PBXGroup;
			children = (
				212E9FF48D5A4F799550B870 /* CMake Rules */,
				58AA92BCE5344DB09380C037 /* CMakeLists.txt */,
			);
			name = ALL_BUILD;
			sourceTree = "<group>";
		};
		D61AF74AB56C4F9F9FF98455 /* LibStructural-static */ = {
			isa = PBXGroup;
			children = (
				3C1513C76F8F42D7944771FB /* Source Files */,
				FD2E92DBCB384CD79A42EF5D /* CMakeLists.txt */,
			);
			name = "LibStructural-static";
			sourceTree = "<group>";
		};
/* End PBXGroup section */

/* Begin PBXNativeTarget section */
		C854AC1064864BE18066FA87 /* LibLA-static */ = {
			isa = PBXNativeTarget;
			buildConfigurationList = 715B5B04238B473F980A0290 /* Build configuration list for PBXNativeTarget "LibLA-static" */;
			buildPhases = (
				E9073C97A5E5405896E4DD15 /* Sources */,
			);
			buildRules = (
			);
			dependencies = (
				D107C16A09CE4C3D83704E48 /* PBXTargetDependency */,
			);
			name = "LibLA-static";
			productName = "LibLA-static";
			productReference = FC575337B0B942AF9F0E3541 /* libLibLA-static.a */;
			productType = "com.apple.product-type.library.static";
		};
		CE846C959BFF4CC9A809A491 /* LibLA */ = {
			isa = PBXNativeTarget;
			buildConfigurationList = 26F78976E8B5417E9657D824 /* Build configuration list for PBXNativeTarget "LibLA" */;
			buildPhases = (
				04C4BE2FB42B48F39CC703FF /* Sources */,
				07B522073AA144A28C948154 /* CMake PostBuild Rules */,
			);
			buildRules = (
			);
			dependencies = (
				7472F364937A46E79555E87B /* PBXTargetDependency */,
			);
			name = LibLA;
			productName = LibLA;
			productReference = A1373D8977C847F0B380BA28 /* libLibLA.dylib */;
			productType = "com.apple.product-type.library.dynamic";
		};
		F0E25425A016457986CFEFA9 /* LibStructural-static */ = {
			isa = PBXNativeTarget;
			buildConfigurationList = F7961C7C5B664429AFC6081D /* Build configuration list for PBXNativeTarget "LibStructural-static" */;
			buildPhases = (
				222847806AD84E1CA430B973 /* Sources */,
			);
			buildRules = (
			);
			dependencies = (
				E04800F34FCC461FA5075C35 /* PBXTargetDependency */,
				2DADEB3928854825BBEC232F /* PBXTargetDependency */,
			);
			name = "LibStructural-static";
			productName = "LibStructural-static";
			productReference = 68079EB5BD6943A9B37F779F /* libLibStructural-static.a */;
			productType = "com.apple.product-type.library.static";
		};
		FBBEAFBF16504CB68748C2F6 /* LibStructural */ = {
			isa = PBXNativeTarget;
			buildConfigurationList = BD751C4E9B144A0FA958E423 /* Build configuration list for PBXNativeTarget "LibStructural" */;
			buildPhases = (
				EDB2B87531884AA4B6CCCA96 /* Sources */,
				07D7647E599A4201937D1E8A /* CMake PostBuild Rules */,
			);
			buildRules = (
			);
			dependencies = (
				183DABA4AEC44167B6841028 /* PBXTargetDependency */,
				2F01E0A3946841F580F21E36 /* PBXTargetDependency */,
			);
			name = LibStructural;
			productName = LibStructural;
			productReference = DD484BF4F4E7411D843637DA /* libLibStructural.dylib */;
			productType = "com.apple.product-type.library.dynamic";
		};
/* End PBXNativeTarget section */

/* Begin PBXProject section */
		C49E854777CD44739260B018 /* Project object */ = {
			isa = PBXProject;
			attributes = {
				BuildIndependentTargetsInParallel = YES;
				LastUpgradeCheck = 0830;
			};
			buildConfigurationList = 9691E4E360C84251B30C261F /* Build configuration list for PBXProject "LibStructural" */;
			compatibilityVersion = "Xcode 3.2";
			developmentRegion = English;
			hasScannedForEncodings = 0;
			knownRegions = (
				en,
			);
			mainGroup = 2794B0965EB740188EF473CA;
			projectDirPath = ../;
			projectRoot = "";
			targets = (
				E898878D03894362946D151F /* ALL_BUILD */,
				9563026A2CEC4F8E895CC931 /* ZERO_CHECK */,
				DD2BFDF53CD04052ABC7D427 /* install */,
				F533CA0154BC4BDB9B9F0660 /* package */,
				CE846C959BFF4CC9A809A491 /* LibLA */,
				C854AC1064864BE18066FA87 /* LibLA-static */,
				FBBEAFBF16504CB68748C2F6 /* LibStructural */,
				F0E25425A016457986CFEFA9 /* LibStructural-static */,
			);
		};
/* End PBXProject section */

/* Begin PBXShellScriptBuildPhase section */
		07B522073AA144A28C948154 /* CMake PostBuild Rules */ = {
			isa = PBXShellScriptBuildPhase;
			buildActionMask = 2147483647;
			files = (
			);
			name = "CMake PostBuild Rules";
			runOnlyForDeploymentPostprocessing = 0;
			shellPath = /bin/sh;
			shellScript = "make -C /Users/yosefbedaso/Documents/GitHub/Libstructural/build_x64/LibLA -f /Users/yosefbedaso/Documents/GitHub/Libstructural/build_x64/LibLA/CMakeScripts/LibLA_postBuildPhase.make$CONFIGURATION all";
			showEnvVarsInLog = 0;
		};
		07D7647E599A4201937D1E8A /* CMake PostBuild Rules */ = {
			isa = PBXShellScriptBuildPhase;
			buildActionMask = 2147483647;
			files = (
			);
			name = "CMake PostBuild Rules";
			runOnlyForDeploymentPostprocessing = 0;
			shellPath = /bin/sh;
			shellScript = "make -C /Users/yosefbedaso/Documents/GitHub/Libstructural/build_x64/LibStructural -f /Users/yosefbedaso/Documents/GitHub/Libstructural/build_x64/LibStructural/CMakeScripts/LibStructural_postBuildPhase.make$CONFIGURATION all";
			showEnvVarsInLog = 0;
		};
		10E8A9E5830D4A9399FF097E /* CMake Rules */ = {
			isa = PBXShellScriptBuildPhase;
			buildActionMask = 2147483647;
			files = (
			);
			name = "CMake Rules";
			runOnlyForDeploymentPostprocessing = 0;
			shellPath = /bin/sh;
			shellScript = "make -C /Users/yosefbedaso/Documents/GitHub/Libstructural/build_x64 -f /Users/yosefbedaso/Documents/GitHub/Libstructural/build_x64/CMakeScripts/ALL_BUILD_cmakeRulesBuildPhase.make$CONFIGURATION all";
			showEnvVarsInLog = 0;
		};
		25EFCD973036448896F9FFF8 /* CMake PostBuild Rules */ = {
			isa = PBXShellScriptBuildPhase;
			buildActionMask = 2147483647;
			files = (
			);
			name = "CMake PostBuild Rules";
			runOnlyForDeploymentPostprocessing = 0;
			shellPath = /bin/sh;
			shellScript = "make -C /Users/yosefbedaso/Documents/GitHub/Libstructural/build_x64 -f /Users/yosefbedaso/Documents/GitHub/Libstructural/build_x64/CMakeScripts/install_postBuildPhase.make$CONFIGURATION all";
			showEnvVarsInLog = 0;
		};
		438F94307D7246579C096384 /* CMake Rules */ = {
			isa = PBXShellScriptBuildPhase;
			buildActionMask = 2147483647;
			files = (
			);
			name = "CMake Rules";
			runOnlyForDeploymentPostprocessing = 0;
			shellPath = /bin/sh;
			shellScript = "make -C /Users/yosefbedaso/Documents/GitHub/Libstructural/build_x64 -f /Users/yosefbedaso/Documents/GitHub/Libstructural/build_x64/CMakeScripts/ZERO_CHECK_cmakeRulesBuildPhase.make$CONFIGURATION all";
			showEnvVarsInLog = 0;
		};
		F6A114F83AD748E3AE744658 /* CMake PostBuild Rules */ = {
			isa = PBXShellScriptBuildPhase;
			buildActionMask = 2147483647;
			files = (
			);
			name = "CMake PostBuild Rules";
			runOnlyForDeploymentPostprocessing = 0;
			shellPath = /bin/sh;
			shellScript = "make -C /Users/yosefbedaso/Documents/GitHub/Libstructural/build_x64 -f /Users/yosefbedaso/Documents/GitHub/Libstructural/build_x64/CMakeScripts/package_postBuildPhase.make$CONFIGURATION all";
			showEnvVarsInLog = 0;
		};
/* End PBXShellScriptBuildPhase section */

/* Begin PBXSourcesBuildPhase section */
		04C4BE2FB42B48F39CC703FF /* Sources */ = {
			isa = PBXSourcesBuildPhase;
			buildActionMask = 2147483647;
			files = (
				ADEA0B2FB4FA4044B1A9CF6A /* complex.cpp in Sources */,
				6F5E38093C1A45BD927E53BB /* libla.cpp in Sources */,
				28DF071A4ECD4301AB188E4F /* matrix.cpp in Sources */,
				A284D57D83CB4BA7B67B77C4 /* util.cpp in Sources */,
			);
			runOnlyForDeploymentPostprocessing = 0;
		};
		222847806AD84E1CA430B973 /* Sources */ = {
			isa = PBXSourcesBuildPhase;
			buildActionMask = 2147483647;
			files = (
				28A1059194824B39828F29C6 /* constraint.cpp in Sources */,
				43044EEAD19645549034BF63 /* fluxbalance.cpp in Sources */,
				9BF5607A64A1470186C5B126 /* libstructural.cpp in Sources */,
				31E5A050B4B749E2AB7C7D17 /* lpresult.cpp in Sources */,
				BCA0B6CDCB5649D2941E61D3 /* objective.cpp in Sources */,
				24AE305AC3884BB69C1E14CE /* sbmlmodel.cpp in Sources */,
			);
			runOnlyForDeploymentPostprocessing = 0;
		};
		E9073C97A5E5405896E4DD15 /* Sources */ = {
			isa = PBXSourcesBuildPhase;
			buildActionMask = 2147483647;
			files = (
				7C89C256756A456BA2FA0633 /* complex.cpp in Sources */,
				4C23327CF5224AADA14A9328 /* libla.cpp in Sources */,
				BA40981669CD47E2993F44F4 /* matrix.cpp in Sources */,
				5555AD47151F4643B35BCFD9 /* util.cpp in Sources */,
			);
			runOnlyForDeploymentPostprocessing = 0;
		};
		EDB2B87531884AA4B6CCCA96 /* Sources */ = {
			isa = PBXSourcesBuildPhase;
			buildActionMask = 2147483647;
			files = (
				8BA6EE69624A4BA5AC11EBDD /* complex.cpp in Sources */,
				4A75779321D341C6BB9E6358 /* libla.cpp in Sources */,
				7CF331CBDAFA418EAB71563C /* matrix.cpp in Sources */,
				1AB611AF14AD4389AD4ABDD8 /* util.cpp in Sources */,
				56D80FE371064063A8A84216 /* constraint.cpp in Sources */,
				DBDB081474844DAEB21E16A0 /* fluxbalance.cpp in Sources */,
				B74108101E7948778F76DB8C /* libstructural.cpp in Sources */,
				10F84D0085A045829545408C /* lpresult.cpp in Sources */,
				3A51846746484F38BB5D21C7 /* objective.cpp in Sources */,
				244EDA365E99495C9DA6990B /* sbmlmodel.cpp in Sources */,
			);
			runOnlyForDeploymentPostprocessing = 0;
		};
/* End PBXSourcesBuildPhase section */

/* Begin PBXTargetDependency section */
		183DABA4AEC44167B6841028 /* PBXTargetDependency */ = {
			isa = PBXTargetDependency;
			target = C854AC1064864BE18066FA87 /* LibLA-static */;
			targetProxy = 5ABBF9E380204EE8BDD35EC3 /* PBXContainerItemProxy */;
		};
		1E6FE7B4A4994081BA5539F8 /* PBXTargetDependency */ = {
			isa = PBXTargetDependency;
			target = CE846C959BFF4CC9A809A491 /* LibLA */;
			targetProxy = 32E167DF04E34A0A820E8D28 /* PBXContainerItemProxy */;
		};
		2DADEB3928854825BBEC232F /* PBXTargetDependency */ = {
			isa = PBXTargetDependency;
			target = 9563026A2CEC4F8E895CC931 /* ZERO_CHECK */;
			targetProxy = EF7A4FF82F994DDE92504AE9 /* PBXContainerItemProxy */;
		};
		2F01E0A3946841F580F21E36 /* PBXTargetDependency */ = {
			isa = PBXTargetDependency;
			target = 9563026A2CEC4F8E895CC931 /* ZERO_CHECK */;
			targetProxy = D65F4359CF474100B0EDD6C9 /* PBXContainerItemProxy */;
		};
		4F4628DD20B449668F27C673 /* PBXTargetDependency */ = {
			isa = PBXTargetDependency;
			target = F0E25425A016457986CFEFA9 /* LibStructural-static */;
			targetProxy = 0CC1106CC6E743A6A75CF335 /* PBXContainerItemProxy */;
		};
		7472F364937A46E79555E87B /* PBXTargetDependency */ = {
			isa = PBXTargetDependency;
			target = 9563026A2CEC4F8E895CC931 /* ZERO_CHECK */;
			targetProxy = AB1A293E186B4965A44AE80C /* PBXContainerItemProxy */;
		};
		8FDF19078F81419D9EB367E9 /* PBXTargetDependency */ = {
			isa = PBXTargetDependency;
			target = E898878D03894362946D151F /* ALL_BUILD */;
			targetProxy = B0513F8B83864BC298E4520B /* PBXContainerItemProxy */;
		};
		A87D352056FA4D5E99FA0D1B /* PBXTargetDependency */ = {
			isa = PBXTargetDependency;
			target = FBBEAFBF16504CB68748C2F6 /* LibStructural */;
			targetProxy = F28E7668AF2245A49E23DF89 /* PBXContainerItemProxy */;
		};
		C6E9E58BDD4C4C03A5FD0A95 /* PBXTargetDependency */ = {
			isa = PBXTargetDependency;
			target = C854AC1064864BE18066FA87 /* LibLA-static */;
			targetProxy = D66EA2251D30415FB1E0D20D /* PBXContainerItemProxy */;
		};
		D107C16A09CE4C3D83704E48 /* PBXTargetDependency */ = {
			isa = PBXTargetDependency;
			target = 9563026A2CEC4F8E895CC931 /* ZERO_CHECK */;
			targetProxy = 335245E681C445CD94D809DC /* PBXContainerItemProxy */;
		};
		E04800F34FCC461FA5075C35 /* PBXTargetDependency */ = {
			isa = PBXTargetDependency;
			target = C854AC1064864BE18066FA87 /* LibLA-static */;
			targetProxy = 2FE44020345646699B1BCE5C /* PBXContainerItemProxy */;
		};
		E5A549CD483448AFABD7C025 /* PBXTargetDependency */ = {
			isa = PBXTargetDependency;
			target = 9563026A2CEC4F8E895CC931 /* ZERO_CHECK */;
			targetProxy = 4D8C7FF6019B443FA8AEACD6 /* PBXContainerItemProxy */;
		};
		ED225A72F22C4AF98C54E489 /* PBXTargetDependency */ = {
			isa = PBXTargetDependency;
			target = E898878D03894362946D151F /* ALL_BUILD */;
			targetProxy = 7964C8C5060C422788898F79 /* PBXContainerItemProxy */;
		};
/* End PBXTargetDependency section */

/* Begin XCBuildConfiguration section */
		0F2E1CBDCB1E4DC893B7C2DA /* MinSizeRel */ = {
			isa = XCBuildConfiguration;
			buildSettings = {
				COMBINE_HIDPI_IMAGES = YES;
				GCC_GENERATE_DEBUGGING_SYMBOLS = YES;
				GCC_INLINES_ARE_PRIVATE_EXTERN = NO;
				GCC_OPTIMIZATION_LEVEL = 0;
				GCC_PREPROCESSOR_DEFINITIONS = "'CMAKE_INTDIR=\"$(CONFIGURATION)$(EFFECTIVE_PLATFORM_NAME)\"'";
				GCC_SYMBOLS_PRIVATE_EXTERN = NO;
				HEADER_SEARCH_PATHS = "/Users/yosefbedaso/Documents/GitHub/Libstructural/dependencies/libsbml-5.15.0-vs2017-release-64/include";
				INSTALL_PATH = "";
				OTHER_LDFLAGS = " ";
				OTHER_REZFLAGS = "";
				PRODUCT_NAME = package;
				SECTORDER_FLAGS = "";
				SYMROOT = /Users/yosefbedaso/Documents/GitHub/Libstructural/build_x64;
				USE_HEADERMAP = NO;
				WARNING_CFLAGS = (
					"-Wmost",
					"-Wno-four-char-constants",
					"-Wno-unknown-pragmas",
					"$(inherited)",
				);
			};
			name = MinSizeRel;
		};
		0F620402FBFE4FD288620B0D /* MinSizeRel */ = {
			isa = XCBuildConfiguration;
			buildSettings = {
				COMBINE_HIDPI_IMAGES = YES;
				EXECUTABLE_PREFIX = lib;
				EXECUTABLE_SUFFIX = .a;
				GCC_GENERATE_DEBUGGING_SYMBOLS = NO;
				GCC_INLINES_ARE_PRIVATE_EXTERN = NO;
				GCC_OPTIMIZATION_LEVEL = s;
				GCC_PREPROCESSOR_DEFINITIONS = (
					"'CMAKE_INTDIR=\"$(CONFIGURATION)$(EFFECTIVE_PLATFORM_NAME)\"'",
					MACOSX,
					DARWIN,
					LINUX,
					"'PACKAGE_VERSION=\"1.1.0-a1\"'",
					"'PACKAGE_NAME=\"LibStructural\"'",
					LPSOLVE_STATIC,
				);
				GCC_SYMBOLS_PRIVATE_EXTERN = NO;
				HEADER_SEARCH_PATHS = (
					"/Users/yosefbedaso/Documents/GitHub/Libstructural/dependencies/libsbml-5.15.0-vs2017-release-64/include",
					/Users/yosefbedaso/Documents/GitHub/Libstructural/LibStructural,
					/Users/yosefbedaso/Documents/GitHub/Libstructural/LibStructural/../include,
				);
				INSTALL_PATH = "";
				LIBRARY_STYLE = STATIC;
				OTHER_CPLUSPLUSFLAGS = (
					"-fPIC",
					"-DNDEBUG",
				);
				OTHER_LIBTOOLFLAGS = " ";
				OTHER_REZFLAGS = "";
				PRODUCT_NAME = "LibStructural-static";
				SECTORDER_FLAGS = "";
				SYMROOT = /Users/yosefbedaso/Documents/GitHub/Libstructural/build_x64/LibStructural;
				USE_HEADERMAP = NO;
				WARNING_CFLAGS = (
					"-Wmost",
					"-Wno-four-char-constants",
					"-Wno-unknown-pragmas",
					"$(inherited)",
				);
			};
			name = MinSizeRel;
		};
		14068CEB1E7E479EBB7E0BD0 /* Release */ = {
			isa = XCBuildConfiguration;
			buildSettings = {
				COMBINE_HIDPI_IMAGES = YES;
				GCC_GENERATE_DEBUGGING_SYMBOLS = YES;
				GCC_INLINES_ARE_PRIVATE_EXTERN = NO;
				GCC_OPTIMIZATION_LEVEL = 0;
				GCC_PREPROCESSOR_DEFINITIONS = "'CMAKE_INTDIR=\"$(CONFIGURATION)$(EFFECTIVE_PLATFORM_NAME)\"'";
				GCC_SYMBOLS_PRIVATE_EXTERN = NO;
				HEADER_SEARCH_PATHS = "/Users/yosefbedaso/Documents/GitHub/Libstructural/dependencies/libsbml-5.15.0-vs2017-release-64/include";
				INSTALL_PATH = "";
				OTHER_LDFLAGS = " ";
				OTHER_REZFLAGS = "";
				PRODUCT_NAME = ZERO_CHECK;
				SECTORDER_FLAGS = "";
				SYMROOT = /Users/yosefbedaso/Documents/GitHub/Libstructural/build_x64;
				USE_HEADERMAP = NO;
				WARNING_CFLAGS = (
					"-Wmost",
					"-Wno-four-char-constants",
					"-Wno-unknown-pragmas",
					"$(inherited)",
				);
			};
			name = Release;
		};
		210DB2B33B674D33A060B05C /* Debug */ = {
			isa = XCBuildConfiguration;
			buildSettings = {
				COMBINE_HIDPI_IMAGES = YES;
				GCC_GENERATE_DEBUGGING_SYMBOLS = YES;
				GCC_INLINES_ARE_PRIVATE_EXTERN = NO;
				GCC_OPTIMIZATION_LEVEL = 0;
				GCC_PREPROCESSOR_DEFINITIONS = "'CMAKE_INTDIR=\"$(CONFIGURATION)$(EFFECTIVE_PLATFORM_NAME)\"'";
				GCC_SYMBOLS_PRIVATE_EXTERN = NO;
				HEADER_SEARCH_PATHS = "/Users/yosefbedaso/Documents/GitHub/Libstructural/dependencies/libsbml-5.15.0-vs2017-release-64/include";
				INSTALL_PATH = "";
				OTHER_LDFLAGS = " ";
				OTHER_REZFLAGS = "";
				PRODUCT_NAME = package;
				SECTORDER_FLAGS = "";
				SYMROOT = /Users/yosefbedaso/Documents/GitHub/Libstructural/build_x64;
				USE_HEADERMAP = NO;
				WARNING_CFLAGS = (
					"-Wmost",
					"-Wno-four-char-constants",
					"-Wno-unknown-pragmas",
					"$(inherited)",
				);
			};
			name = Debug;
		};
		21995E518A994CB69AB1C67D /* RelWithDebInfo */ = {
			isa = XCBuildConfiguration;
			buildSettings = {
				COMBINE_HIDPI_IMAGES = YES;
				DYLIB_COMPATIBILITY_VERSION = "";
				DYLIB_CURRENT_VERSION = "";
				EXECUTABLE_PREFIX = lib;
				EXECUTABLE_SUFFIX = .dylib;
				GCC_GENERATE_DEBUGGING_SYMBOLS = YES;
				GCC_INLINES_ARE_PRIVATE_EXTERN = NO;
				GCC_OPTIMIZATION_LEVEL = 2;
				GCC_PREPROCESSOR_DEFINITIONS = (
					"'CMAKE_INTDIR=\"$(CONFIGURATION)$(EFFECTIVE_PLATFORM_NAME)\"'",
					LibLA_EXPORTS,
					MACOSX,
					DARWIN,
					LINUX,
					"'PACKAGE_VERSION=\"1.1.0-a1\"'",
					"'PACKAGE_NAME=\"LibStructural\"'",
				);
				GCC_SYMBOLS_PRIVATE_EXTERN = NO;
				HEADER_SEARCH_PATHS = (
					"/Users/yosefbedaso/Documents/GitHub/Libstructural/dependencies/libsbml-5.15.0-vs2017-release-64/include",
					/Users/yosefbedaso/Documents/GitHub/Libstructural/LibLA,
					/Users/yosefbedaso/Documents/GitHub/Libstructural/LibLA/../include,
				);
				INSTALL_PATH = /Users/yosefbedaso/Documents/GitHub/Libstructural/build_x64/LibLA/RelWithDebInfo;
				LIBRARY_SEARCH_PATHS = "";
				LIBRARY_STYLE = DYNAMIC;
				OTHER_CPLUSPLUSFLAGS = (
					"-fPIC",
					"-DNDEBUG",
					"-fPIC",
				);
				OTHER_LDFLAGS = (
					"-dynamiclib",
					"-Wl,-headerpad_max_install_names",
					"/Users/yosefbedaso/Documents/GitHub/Libstructural/dependencies/third-party/clapack/3.2.1/LIB/lapack.lib",
					"/Users/yosefbedaso/Documents/GitHub/Libstructural/dependencies/third-party/clapack/3.2.1/LIB/blas.lib",
					"/Users/yosefbedaso/Documents/GitHub/Libstructural/dependencies/third-party/clapack/3.2.1/LIB/libf2c.lib",
				);
				OTHER_REZFLAGS = "";
				PRODUCT_NAME = LibLA;
				SECTORDER_FLAGS = "";
				SYMROOT = /Users/yosefbedaso/Documents/GitHub/Libstructural/build_x64/LibLA;
				USE_HEADERMAP = NO;
				WARNING_CFLAGS = (
					"-Wmost",
					"-Wno-four-char-constants",
					"-Wno-unknown-pragmas",
					"$(inherited)",
				);
			};
			name = RelWithDebInfo;
		};
		22AA62D0064A450AA7F670BC /* RelWithDebInfo */ = {
			isa = XCBuildConfiguration;
			buildSettings = {
				ONLY_ACTIVE_ARCH = YES;
				SDKROOT = /Applications/Xcode.app/Contents/Developer/Platforms/MacOSX.platform/Developer/SDKs/MacOSX10.12.sdk;
				SYMROOT = /Users/yosefbedaso/Documents/GitHub/Libstructural/build_x64/build;
			};
			name = RelWithDebInfo;
		};
		23E623DD166649C3944E3F7F /* Debug */ = {
			isa = XCBuildConfiguration;
			buildSettings = {
				ONLY_ACTIVE_ARCH = YES;
				SDKROOT = /Applications/Xcode.app/Contents/Developer/Platforms/MacOSX.platform/Developer/SDKs/MacOSX10.12.sdk;
				SYMROOT = /Users/yosefbedaso/Documents/GitHub/Libstructural/build_x64/build;
			};
			name = Debug;
		};
		24CD4DB372674CBF8AC154D3 /* Release */ = {
			isa = XCBuildConfiguration;
			buildSettings = {
				COMBINE_HIDPI_IMAGES = YES;
				GCC_GENERATE_DEBUGGING_SYMBOLS = YES;
				GCC_INLINES_ARE_PRIVATE_EXTERN = NO;
				GCC_OPTIMIZATION_LEVEL = 0;
				GCC_PREPROCESSOR_DEFINITIONS = "'CMAKE_INTDIR=\"$(CONFIGURATION)$(EFFECTIVE_PLATFORM_NAME)\"'";
				GCC_SYMBOLS_PRIVATE_EXTERN = NO;
				HEADER_SEARCH_PATHS = "/Users/yosefbedaso/Documents/GitHub/Libstructural/dependencies/libsbml-5.15.0-vs2017-release-64/include";
				INSTALL_PATH = "";
				OTHER_LDFLAGS = " ";
				OTHER_REZFLAGS = "";
				PRODUCT_NAME = package;
				SECTORDER_FLAGS = "";
				SYMROOT = /Users/yosefbedaso/Documents/GitHub/Libstructural/build_x64;
				USE_HEADERMAP = NO;
				WARNING_CFLAGS = (
					"-Wmost",
					"-Wno-four-char-constants",
					"-Wno-unknown-pragmas",
					"$(inherited)",
				);
			};
			name = Release;
		};
		27C74C809ADC4B649E873CEF /* MinSizeRel */ = {
			isa = XCBuildConfiguration;
			buildSettings = {
				COMBINE_HIDPI_IMAGES = YES;
				GCC_GENERATE_DEBUGGING_SYMBOLS = YES;
				GCC_INLINES_ARE_PRIVATE_EXTERN = NO;
				GCC_OPTIMIZATION_LEVEL = 0;
				GCC_PREPROCESSOR_DEFINITIONS = "'CMAKE_INTDIR=\"$(CONFIGURATION)$(EFFECTIVE_PLATFORM_NAME)\"'";
				GCC_SYMBOLS_PRIVATE_EXTERN = NO;
				HEADER_SEARCH_PATHS = "/Users/yosefbedaso/Documents/GitHub/Libstructural/dependencies/libsbml-5.15.0-vs2017-release-64/include";
				INSTALL_PATH = "";
				OTHER_LDFLAGS = " ";
				OTHER_REZFLAGS = "";
				PRODUCT_NAME = ZERO_CHECK;
				SECTORDER_FLAGS = "";
				SYMROOT = /Users/yosefbedaso/Documents/GitHub/Libstructural/build_x64;
				USE_HEADERMAP = NO;
				WARNING_CFLAGS = (
					"-Wmost",
					"-Wno-four-char-constants",
					"-Wno-unknown-pragmas",
					"$(inherited)",
				);
			};
			name = MinSizeRel;
		};
		413F17F202544460B1AECE2A /* Debug */ = {
			isa = XCBuildConfiguration;
			buildSettings = {
				COMBINE_HIDPI_IMAGES = YES;
				EXECUTABLE_PREFIX = lib;
				EXECUTABLE_SUFFIX = .a;
				GCC_GENERATE_DEBUGGING_SYMBOLS = YES;
				GCC_INLINES_ARE_PRIVATE_EXTERN = NO;
				GCC_OPTIMIZATION_LEVEL = 0;
				GCC_PREPROCESSOR_DEFINITIONS = (
					"'CMAKE_INTDIR=\"$(CONFIGURATION)$(EFFECTIVE_PLATFORM_NAME)\"'",
					MACOSX,
					DARWIN,
					LINUX,
					"'PACKAGE_VERSION=\"1.1.0-a1\"'",
					"'PACKAGE_NAME=\"LibStructural\"'",
				);
				GCC_SYMBOLS_PRIVATE_EXTERN = NO;
				HEADER_SEARCH_PATHS = (
					"/Users/yosefbedaso/Documents/GitHub/Libstructural/dependencies/libsbml-5.15.0-vs2017-release-64/include",
					/Users/yosefbedaso/Documents/GitHub/Libstructural/LibLA,
					/Users/yosefbedaso/Documents/GitHub/Libstructural/LibLA/../include,
				);
				INSTALL_PATH = "";
				LIBRARY_STYLE = STATIC;
				OTHER_CPLUSPLUSFLAGS = " -fPIC     ";
				OTHER_LIBTOOLFLAGS = " ";
				OTHER_REZFLAGS = "";
				PRODUCT_NAME = "LibLA-static";
				SECTORDER_FLAGS = "";
				SYMROOT = /Users/yosefbedaso/Documents/GitHub/Libstructural/build_x64/LibLA;
				USE_HEADERMAP = NO;
				WARNING_CFLAGS = (
					"-Wmost",
					"-Wno-four-char-constants",
					"-Wno-unknown-pragmas",
					"$(inherited)",
				);
			};
			name = Debug;
		};
		492BBD2E7D7D449BB8919F15 /* MinSizeRel */ = {
			isa = XCBuildConfiguration;
			buildSettings = {
				COMBINE_HIDPI_IMAGES = YES;
				EXECUTABLE_PREFIX = lib;
				EXECUTABLE_SUFFIX = .a;
				GCC_GENERATE_DEBUGGING_SYMBOLS = NO;
				GCC_INLINES_ARE_PRIVATE_EXTERN = NO;
				GCC_OPTIMIZATION_LEVEL = s;
				GCC_PREPROCESSOR_DEFINITIONS = (
					"'CMAKE_INTDIR=\"$(CONFIGURATION)$(EFFECTIVE_PLATFORM_NAME)\"'",
					MACOSX,
					DARWIN,
					LINUX,
					"'PACKAGE_VERSION=\"1.1.0-a1\"'",
					"'PACKAGE_NAME=\"LibStructural\"'",
				);
				GCC_SYMBOLS_PRIVATE_EXTERN = NO;
				HEADER_SEARCH_PATHS = (
					"/Users/yosefbedaso/Documents/GitHub/Libstructural/dependencies/libsbml-5.15.0-vs2017-release-64/include",
					/Users/yosefbedaso/Documents/GitHub/Libstructural/LibLA,
					/Users/yosefbedaso/Documents/GitHub/Libstructural/LibLA/../include,
				);
				INSTALL_PATH = "";
				LIBRARY_STYLE = STATIC;
				OTHER_CPLUSPLUSFLAGS = (
					"-fPIC",
					"-DNDEBUG",
				);
				OTHER_LIBTOOLFLAGS = " ";
				OTHER_REZFLAGS = "";
				PRODUCT_NAME = "LibLA-static";
				SECTORDER_FLAGS = "";
				SYMROOT = /Users/yosefbedaso/Documents/GitHub/Libstructural/build_x64/LibLA;
				USE_HEADERMAP = NO;
				WARNING_CFLAGS = (
					"-Wmost",
					"-Wno-four-char-constants",
					"-Wno-unknown-pragmas",
					"$(inherited)",
				);
			};
			name = MinSizeRel;
		};
		4A7279741C2A4CC18E75E1F4 /* MinSizeRel */ = {
			isa = XCBuildConfiguration;
			buildSettings = {
				COMBINE_HIDPI_IMAGES = YES;
				DYLIB_COMPATIBILITY_VERSION = "";
				DYLIB_CURRENT_VERSION = "";
				EXECUTABLE_PREFIX = lib;
				EXECUTABLE_SUFFIX = .dylib;
				GCC_GENERATE_DEBUGGING_SYMBOLS = NO;
				GCC_INLINES_ARE_PRIVATE_EXTERN = NO;
				GCC_OPTIMIZATION_LEVEL = s;
				GCC_PREPROCESSOR_DEFINITIONS = (
					"'CMAKE_INTDIR=\"$(CONFIGURATION)$(EFFECTIVE_PLATFORM_NAME)\"'",
					LibLA_EXPORTS,
					MACOSX,
					DARWIN,
					LINUX,
					"'PACKAGE_VERSION=\"1.1.0-a1\"'",
					"'PACKAGE_NAME=\"LibStructural\"'",
				);
				GCC_SYMBOLS_PRIVATE_EXTERN = NO;
				HEADER_SEARCH_PATHS = (
					"/Users/yosefbedaso/Documents/GitHub/Libstructural/dependencies/libsbml-5.15.0-vs2017-release-64/include",
					/Users/yosefbedaso/Documents/GitHub/Libstructural/LibLA,
					/Users/yosefbedaso/Documents/GitHub/Libstructural/LibLA/../include,
				);
				INSTALL_PATH = /Users/yosefbedaso/Documents/GitHub/Libstructural/build_x64/LibLA/MinSizeRel;
				LIBRARY_SEARCH_PATHS = "";
				LIBRARY_STYLE = DYNAMIC;
				OTHER_CPLUSPLUSFLAGS = (
					"-fPIC",
					"-DNDEBUG",
					"-fPIC",
				);
				OTHER_LDFLAGS = (
					"-dynamiclib",
					"-Wl,-headerpad_max_install_names",
					"/Users/yosefbedaso/Documents/GitHub/Libstructural/dependencies/third-party/clapack/3.2.1/LIB/lapack.lib",
					"/Users/yosefbedaso/Documents/GitHub/Libstructural/dependencies/third-party/clapack/3.2.1/LIB/blas.lib",
					"/Users/yosefbedaso/Documents/GitHub/Libstructural/dependencies/third-party/clapack/3.2.1/LIB/libf2c.lib",
				);
				OTHER_REZFLAGS = "";
				PRODUCT_NAME = LibLA;
				SECTORDER_FLAGS = "";
				SYMROOT = /Users/yosefbedaso/Documents/GitHub/Libstructural/build_x64/LibLA;
				USE_HEADERMAP = NO;
				WARNING_CFLAGS = (
					"-Wmost",
					"-Wno-four-char-constants",
					"-Wno-unknown-pragmas",
					"$(inherited)",
				);
			};
			name = MinSizeRel;
		};
		4C91030F41634D128A4F59DB /* Debug */ = {
			isa = XCBuildConfiguration;
			buildSettings = {
				COMBINE_HIDPI_IMAGES = YES;
				EXECUTABLE_PREFIX = lib;
				EXECUTABLE_SUFFIX = .a;
				GCC_GENERATE_DEBUGGING_SYMBOLS = YES;
				GCC_INLINES_ARE_PRIVATE_EXTERN = NO;
				GCC_OPTIMIZATION_LEVEL = 0;
				GCC_PREPROCESSOR_DEFINITIONS = (
					"'CMAKE_INTDIR=\"$(CONFIGURATION)$(EFFECTIVE_PLATFORM_NAME)\"'",
					MACOSX,
					DARWIN,
					LINUX,
					"'PACKAGE_VERSION=\"1.1.0-a1\"'",
					"'PACKAGE_NAME=\"LibStructural\"'",
					LPSOLVE_STATIC,
				);
				GCC_SYMBOLS_PRIVATE_EXTERN = NO;
				HEADER_SEARCH_PATHS = (
					"/Users/yosefbedaso/Documents/GitHub/Libstructural/dependencies/libsbml-5.15.0-vs2017-release-64/include",
					/Users/yosefbedaso/Documents/GitHub/Libstructural/LibStructural,
					/Users/yosefbedaso/Documents/GitHub/Libstructural/LibStructural/../include,
				);
				INSTALL_PATH = "";
				LIBRARY_STYLE = STATIC;
				OTHER_CPLUSPLUSFLAGS = " -fPIC     ";
				OTHER_LIBTOOLFLAGS = " ";
				OTHER_REZFLAGS = "";
				PRODUCT_NAME = "LibStructural-static";
				SECTORDER_FLAGS = "";
				SYMROOT = /Users/yosefbedaso/Documents/GitHub/Libstructural/build_x64/LibStructural;
				USE_HEADERMAP = NO;
				WARNING_CFLAGS = (
					"-Wmost",
					"-Wno-four-char-constants",
					"-Wno-unknown-pragmas",
					"$(inherited)",
				);
			};
			name = Debug;
		};
		5A99DCAB4114450EB548A92C /* Release */ = {
			isa = XCBuildConfiguration;
			buildSettings = {
				COMBINE_HIDPI_IMAGES = YES;
				GCC_GENERATE_DEBUGGING_SYMBOLS = YES;
				GCC_INLINES_ARE_PRIVATE_EXTERN = NO;
				GCC_OPTIMIZATION_LEVEL = 0;
				GCC_PREPROCESSOR_DEFINITIONS = "'CMAKE_INTDIR=\"$(CONFIGURATION)$(EFFECTIVE_PLATFORM_NAME)\"'";
				GCC_SYMBOLS_PRIVATE_EXTERN = NO;
				HEADER_SEARCH_PATHS = "/Users/yosefbedaso/Documents/GitHub/Libstructural/dependencies/libsbml-5.15.0-vs2017-release-64/include";
				INSTALL_PATH = "";
				LIBRARY_SEARCH_PATHS = "/Users/yosefbedaso/Documents/GitHub/Libstructural/dependencies/third-party/clapack/3.2.1/LIB/lapack.lib";
				OTHER_LDFLAGS = " ";
				OTHER_REZFLAGS = "";
				PRODUCT_NAME = ALL_BUILD;
				SECTORDER_FLAGS = "";
				SYMROOT = /Users/yosefbedaso/Documents/GitHub/Libstructural/build_x64;
				USE_HEADERMAP = NO;
				WARNING_CFLAGS = (
					"-Wmost",
					"-Wno-four-char-constants",
					"-Wno-unknown-pragmas",
					"$(inherited)",
				);
			};
			name = Release;
		};
		69DFECD75F1840EBA0C4FAD2 /* Debug */ = {
			isa = XCBuildConfiguration;
			buildSettings = {
				COMBINE_HIDPI_IMAGES = YES;
				GCC_GENERATE_DEBUGGING_SYMBOLS = YES;
				GCC_INLINES_ARE_PRIVATE_EXTERN = NO;
				GCC_OPTIMIZATION_LEVEL = 0;
				GCC_PREPROCESSOR_DEFINITIONS = "'CMAKE_INTDIR=\"$(CONFIGURATION)$(EFFECTIVE_PLATFORM_NAME)\"'";
				GCC_SYMBOLS_PRIVATE_EXTERN = NO;
				HEADER_SEARCH_PATHS = "/Users/yosefbedaso/Documents/GitHub/Libstructural/dependencies/libsbml-5.15.0-vs2017-release-64/include";
				INSTALL_PATH = "";
				LIBRARY_SEARCH_PATHS = "/Users/yosefbedaso/Documents/GitHub/Libstructural/dependencies/third-party/clapack/3.2.1/LIB/lapack.lib";
				OTHER_LDFLAGS = " ";
				OTHER_REZFLAGS = "";
				PRODUCT_NAME = ALL_BUILD;
				SECTORDER_FLAGS = "";
				SYMROOT = /Users/yosefbedaso/Documents/GitHub/Libstructural/build_x64;
				USE_HEADERMAP = NO;
				WARNING_CFLAGS = (
					"-Wmost",
					"-Wno-four-char-constants",
					"-Wno-unknown-pragmas",
					"$(inherited)",
				);
			};
			name = Debug;
		};
		6C02BA2E4E7242CB8567E19C /* MinSizeRel */ = {
			isa = XCBuildConfiguration;
			buildSettings = {
				COMBINE_HIDPI_IMAGES = YES;
				GCC_GENERATE_DEBUGGING_SYMBOLS = YES;
				GCC_INLINES_ARE_PRIVATE_EXTERN = NO;
				GCC_OPTIMIZATION_LEVEL = 0;
				GCC_PREPROCESSOR_DEFINITIONS = "'CMAKE_INTDIR=\"$(CONFIGURATION)$(EFFECTIVE_PLATFORM_NAME)\"'";
				GCC_SYMBOLS_PRIVATE_EXTERN = NO;
				HEADER_SEARCH_PATHS = "/Users/yosefbedaso/Documents/GitHub/Libstructural/dependencies/libsbml-5.15.0-vs2017-release-64/include";
				INSTALL_PATH = "";
				OTHER_LDFLAGS = " ";
				OTHER_REZFLAGS = "";
				PRODUCT_NAME = install;
				SECTORDER_FLAGS = "";
				SYMROOT = /Users/yosefbedaso/Documents/GitHub/Libstructural/build_x64;
				USE_HEADERMAP = NO;
				WARNING_CFLAGS = (
					"-Wmost",
					"-Wno-four-char-constants",
					"-Wno-unknown-pragmas",
					"$(inherited)",
				);
			};
			name = MinSizeRel;
		};
		778289779B974CD1A715EAE1 /* MinSizeRel */ = {
			isa = XCBuildConfiguration;
			buildSettings = {
				COMBINE_HIDPI_IMAGES = YES;
				DYLIB_COMPATIBILITY_VERSION = "";
				DYLIB_CURRENT_VERSION = "";
				EXECUTABLE_PREFIX = lib;
				EXECUTABLE_SUFFIX = .dylib;
				GCC_GENERATE_DEBUGGING_SYMBOLS = NO;
				GCC_INLINES_ARE_PRIVATE_EXTERN = NO;
				GCC_OPTIMIZATION_LEVEL = s;
				GCC_PREPROCESSOR_DEFINITIONS = (
					"'CMAKE_INTDIR=\"$(CONFIGURATION)$(EFFECTIVE_PLATFORM_NAME)\"'",
					LibStructural_EXPORTS,
					MACOSX,
					DARWIN,
					LINUX,
					"'PACKAGE_VERSION=\"1.1.0-a1\"'",
					"'PACKAGE_NAME=\"LibStructural\"'",
					LPSOLVE_STATIC,
				);
				GCC_SYMBOLS_PRIVATE_EXTERN = NO;
				HEADER_SEARCH_PATHS = (
					"/Users/yosefbedaso/Documents/GitHub/Libstructural/dependencies/libsbml-5.15.0-vs2017-release-64/include",
					/Users/yosefbedaso/Documents/GitHub/Libstructural/LibStructural,
					/Users/yosefbedaso/Documents/GitHub/Libstructural/LibStructural/../include,
				);
				INSTALL_PATH = /Users/yosefbedaso/Documents/GitHub/Libstructural/build_x64/LibStructural/MinSizeRel;
				LIBRARY_SEARCH_PATHS = "";
				LIBRARY_STYLE = DYNAMIC;
				OTHER_CPLUSPLUSFLAGS = (
					"-fPIC",
					"-DNDEBUG",
					"-fPIC",
				);
				OTHER_LDFLAGS = (
					"-dynamiclib",
					"-Wl,-headerpad_max_install_names",
					"/Users/yosefbedaso/Documents/GitHub/Libstructural/dependencies/libsbml-5.15.0-vs2017-release-64/lib/libsbml.lib",
					"/Users/yosefbedaso/Documents/GitHub/Libstructural/build_x64/LibLA/MinSizeRel/libLibLA-static.a",
					"/Users/yosefbedaso/Documents/GitHub/Libstructural/dependencies/libsbml-5.15.0-vs2017-release-64/lib/libxml2.lib",
					"/Users/yosefbedaso/Documents/GitHub/Libstructural/dependencies/libsbml-5.15.0-vs2017-release-64/lib/libbz2.lib",
					"/Users/yosefbedaso/Documents/GitHub/Libstructural/dependencies/third-party/clapack/3.2.1/LIB/lapack.lib",
					"/Users/yosefbedaso/Documents/GitHub/Libstructural/dependencies/third-party/clapack/3.2.1/LIB/blas.lib",
					"/Users/yosefbedaso/Documents/GitHub/Libstructural/dependencies/third-party/clapack/3.2.1/LIB/libf2c.lib",
					"-llpsolve-static",
				);
				OTHER_REZFLAGS = "";
				PRODUCT_NAME = LibStructural;
				SECTORDER_FLAGS = "";
				SYMROOT = /Users/yosefbedaso/Documents/GitHub/Libstructural/build_x64/LibStructural;
				USE_HEADERMAP = NO;
				WARNING_CFLAGS = (
					"-Wmost",
					"-Wno-four-char-constants",
					"-Wno-unknown-pragmas",
					"$(inherited)",
				);
			};
			name = MinSizeRel;
		};
		7E7107A8FEB74ECF9A8CF92F /* Debug */ = {
			isa = XCBuildConfiguration;
			buildSettings = {
				COMBINE_HIDPI_IMAGES = YES;
				GCC_GENERATE_DEBUGGING_SYMBOLS = YES;
				GCC_INLINES_ARE_PRIVATE_EXTERN = NO;
				GCC_OPTIMIZATION_LEVEL = 0;
				GCC_PREPROCESSOR_DEFINITIONS = "'CMAKE_INTDIR=\"$(CONFIGURATION)$(EFFECTIVE_PLATFORM_NAME)\"'";
				GCC_SYMBOLS_PRIVATE_EXTERN = NO;
				HEADER_SEARCH_PATHS = "/Users/yosefbedaso/Documents/GitHub/Libstructural/dependencies/libsbml-5.15.0-vs2017-release-64/include";
				INSTALL_PATH = "";
				OTHER_LDFLAGS = " ";
				OTHER_REZFLAGS = "";
				PRODUCT_NAME = install;
				SECTORDER_FLAGS = "";
				SYMROOT = /Users/yosefbedaso/Documents/GitHub/Libstructural/build_x64;
				USE_HEADERMAP = NO;
				WARNING_CFLAGS = (
					"-Wmost",
					"-Wno-four-char-constants",
					"-Wno-unknown-pragmas",
					"$(inherited)",
				);
			};
			name = Debug;
		};
		83D3A80D01AD41C59B641F87 /* Debug */ = {
			isa = XCBuildConfiguration;
			buildSettings = {
				COMBINE_HIDPI_IMAGES = YES;
				GCC_GENERATE_DEBUGGING_SYMBOLS = YES;
				GCC_INLINES_ARE_PRIVATE_EXTERN = NO;
				GCC_OPTIMIZATION_LEVEL = 0;
				GCC_PREPROCESSOR_DEFINITIONS = "'CMAKE_INTDIR=\"$(CONFIGURATION)$(EFFECTIVE_PLATFORM_NAME)\"'";
				GCC_SYMBOLS_PRIVATE_EXTERN = NO;
				HEADER_SEARCH_PATHS = "/Users/yosefbedaso/Documents/GitHub/Libstructural/dependencies/libsbml-5.15.0-vs2017-release-64/include";
				INSTALL_PATH = "";
				OTHER_LDFLAGS = " ";
				OTHER_REZFLAGS = "";
				PRODUCT_NAME = ZERO_CHECK;
				SECTORDER_FLAGS = "";
				SYMROOT = /Users/yosefbedaso/Documents/GitHub/Libstructural/build_x64;
				USE_HEADERMAP = NO;
				WARNING_CFLAGS = (
					"-Wmost",
					"-Wno-four-char-constants",
					"-Wno-unknown-pragmas",
					"$(inherited)",
				);
			};
			name = Debug;
		};
		85028975B1C84CD0B92E1287 /* RelWithDebInfo */ = {
			isa = XCBuildConfiguration;
			buildSettings = {
				COMBINE_HIDPI_IMAGES = YES;
				EXECUTABLE_PREFIX = lib;
				EXECUTABLE_SUFFIX = .a;
				GCC_GENERATE_DEBUGGING_SYMBOLS = YES;
				GCC_INLINES_ARE_PRIVATE_EXTERN = NO;
				GCC_OPTIMIZATION_LEVEL = 2;
				GCC_PREPROCESSOR_DEFINITIONS = (
					"'CMAKE_INTDIR=\"$(CONFIGURATION)$(EFFECTIVE_PLATFORM_NAME)\"'",
					MACOSX,
					DARWIN,
					LINUX,
					"'PACKAGE_VERSION=\"1.1.0-a1\"'",
					"'PACKAGE_NAME=\"LibStructural\"'",
				);
				GCC_SYMBOLS_PRIVATE_EXTERN = NO;
				HEADER_SEARCH_PATHS = (
					"/Users/yosefbedaso/Documents/GitHub/Libstructural/dependencies/libsbml-5.15.0-vs2017-release-64/include",
					/Users/yosefbedaso/Documents/GitHub/Libstructural/LibLA,
					/Users/yosefbedaso/Documents/GitHub/Libstructural/LibLA/../include,
				);
				INSTALL_PATH = "";
				LIBRARY_STYLE = STATIC;
				OTHER_CPLUSPLUSFLAGS = (
					"-fPIC",
					"-DNDEBUG",
				);
				OTHER_LIBTOOLFLAGS = " ";
				OTHER_REZFLAGS = "";
				PRODUCT_NAME = "LibLA-static";
				SECTORDER_FLAGS = "";
				SYMROOT = /Users/yosefbedaso/Documents/GitHub/Libstructural/build_x64/LibLA;
				USE_HEADERMAP = NO;
				WARNING_CFLAGS = (
					"-Wmost",
					"-Wno-four-char-constants",
					"-Wno-unknown-pragmas",
					"$(inherited)",
				);
			};
			name = RelWithDebInfo;
		};
		88AB8815A8B842559C600408 /* RelWithDebInfo */ = {
			isa = XCBuildConfiguration;
			buildSettings = {
				COMBINE_HIDPI_IMAGES = YES;
				DYLIB_COMPATIBILITY_VERSION = "";
				DYLIB_CURRENT_VERSION = "";
				EXECUTABLE_PREFIX = lib;
				EXECUTABLE_SUFFIX = .dylib;
				GCC_GENERATE_DEBUGGING_SYMBOLS = YES;
				GCC_INLINES_ARE_PRIVATE_EXTERN = NO;
				GCC_OPTIMIZATION_LEVEL = 2;
				GCC_PREPROCESSOR_DEFINITIONS = (
					"'CMAKE_INTDIR=\"$(CONFIGURATION)$(EFFECTIVE_PLATFORM_NAME)\"'",
					LibStructural_EXPORTS,
					MACOSX,
					DARWIN,
					LINUX,
					"'PACKAGE_VERSION=\"1.1.0-a1\"'",
					"'PACKAGE_NAME=\"LibStructural\"'",
					LPSOLVE_STATIC,
				);
				GCC_SYMBOLS_PRIVATE_EXTERN = NO;
				HEADER_SEARCH_PATHS = (
					"/Users/yosefbedaso/Documents/GitHub/Libstructural/dependencies/libsbml-5.15.0-vs2017-release-64/include",
					/Users/yosefbedaso/Documents/GitHub/Libstructural/LibStructural,
					/Users/yosefbedaso/Documents/GitHub/Libstructural/LibStructural/../include,
				);
				INSTALL_PATH = /Users/yosefbedaso/Documents/GitHub/Libstructural/build_x64/LibStructural/RelWithDebInfo;
				LIBRARY_SEARCH_PATHS = "";
				LIBRARY_STYLE = DYNAMIC;
				OTHER_CPLUSPLUSFLAGS = (
					"-fPIC",
					"-DNDEBUG",
					"-fPIC",
				);
				OTHER_LDFLAGS = (
					"-dynamiclib",
					"-Wl,-headerpad_max_install_names",
					"/Users/yosefbedaso/Documents/GitHub/Libstructural/dependencies/libsbml-5.15.0-vs2017-release-64/lib/libsbml.lib",
					"/Users/yosefbedaso/Documents/GitHub/Libstructural/build_x64/LibLA/RelWithDebInfo/libLibLA-static.a",
					"/Users/yosefbedaso/Documents/GitHub/Libstructural/dependencies/libsbml-5.15.0-vs2017-release-64/lib/libxml2.lib",
					"/Users/yosefbedaso/Documents/GitHub/Libstructural/dependencies/libsbml-5.15.0-vs2017-release-64/lib/libbz2.lib",
					"/Users/yosefbedaso/Documents/GitHub/Libstructural/dependencies/third-party/clapack/3.2.1/LIB/lapack.lib",
					"/Users/yosefbedaso/Documents/GitHub/Libstructural/dependencies/third-party/clapack/3.2.1/LIB/blas.lib",
					"/Users/yosefbedaso/Documents/GitHub/Libstructural/dependencies/third-party/clapack/3.2.1/LIB/libf2c.lib",
					"-llpsolve-static",
				);
				OTHER_REZFLAGS = "";
				PRODUCT_NAME = LibStructural;
				SECTORDER_FLAGS = "";
				SYMROOT = /Users/yosefbedaso/Documents/GitHub/Libstructural/build_x64/LibStructural;
				USE_HEADERMAP = NO;
				WARNING_CFLAGS = (
					"-Wmost",
					"-Wno-four-char-constants",
					"-Wno-unknown-pragmas",
					"$(inherited)",
				);
			};
			name = RelWithDebInfo;
		};
		8E13D30FD55F41C6816D60BE /* Release */ = {
			isa = XCBuildConfiguration;
			buildSettings = {
				COMBINE_HIDPI_IMAGES = YES;
				GCC_GENERATE_DEBUGGING_SYMBOLS = YES;
				GCC_INLINES_ARE_PRIVATE_EXTERN = NO;
				GCC_OPTIMIZATION_LEVEL = 0;
				GCC_PREPROCESSOR_DEFINITIONS = "'CMAKE_INTDIR=\"$(CONFIGURATION)$(EFFECTIVE_PLATFORM_NAME)\"'";
				GCC_SYMBOLS_PRIVATE_EXTERN = NO;
				HEADER_SEARCH_PATHS = "/Users/yosefbedaso/Documents/GitHub/Libstructural/dependencies/libsbml-5.15.0-vs2017-release-64/include";
				INSTALL_PATH = "";
				OTHER_LDFLAGS = " ";
				OTHER_REZFLAGS = "";
				PRODUCT_NAME = install;
				SECTORDER_FLAGS = "";
				SYMROOT = /Users/yosefbedaso/Documents/GitHub/Libstructural/build_x64;
				USE_HEADERMAP = NO;
				WARNING_CFLAGS = (
					"-Wmost",
					"-Wno-four-char-constants",
					"-Wno-unknown-pragmas",
					"$(inherited)",
				);
			};
			name = Release;
		};
		9871B5143F3F491FBCDBCA8F /* Debug */ = {
			isa = XCBuildConfiguration;
			buildSettings = {
				COMBINE_HIDPI_IMAGES = YES;
				DYLIB_COMPATIBILITY_VERSION = "";
				DYLIB_CURRENT_VERSION = "";
				EXECUTABLE_PREFIX = lib;
				EXECUTABLE_SUFFIX = .dylib;
				GCC_GENERATE_DEBUGGING_SYMBOLS = YES;
				GCC_INLINES_ARE_PRIVATE_EXTERN = NO;
				GCC_OPTIMIZATION_LEVEL = 0;
				GCC_PREPROCESSOR_DEFINITIONS = (
					"'CMAKE_INTDIR=\"$(CONFIGURATION)$(EFFECTIVE_PLATFORM_NAME)\"'",
					LibLA_EXPORTS,
					MACOSX,
					DARWIN,
					LINUX,
					"'PACKAGE_VERSION=\"1.1.0-a1\"'",
					"'PACKAGE_NAME=\"LibStructural\"'",
				);
				GCC_SYMBOLS_PRIVATE_EXTERN = NO;
				HEADER_SEARCH_PATHS = (
					"/Users/yosefbedaso/Documents/GitHub/Libstructural/dependencies/libsbml-5.15.0-vs2017-release-64/include",
					/Users/yosefbedaso/Documents/GitHub/Libstructural/LibLA,
					/Users/yosefbedaso/Documents/GitHub/Libstructural/LibLA/../include,
				);
				INSTALL_PATH = /Users/yosefbedaso/Documents/GitHub/Libstructural/build_x64/LibLA/Debug;
				LIBRARY_SEARCH_PATHS = "";
				LIBRARY_STYLE = DYNAMIC;
				OTHER_CPLUSPLUSFLAGS = (
					"-fPIC",
					"-fPIC",
				);
				OTHER_LDFLAGS = (
					"-dynamiclib",
					"-Wl,-headerpad_max_install_names",
					"/Users/yosefbedaso/Documents/GitHub/Libstructural/dependencies/third-party/clapack/3.2.1/LIB/lapack.lib",
					"/Users/yosefbedaso/Documents/GitHub/Libstructural/dependencies/third-party/clapack/3.2.1/LIB/blas.lib",
					"/Users/yosefbedaso/Documents/GitHub/Libstructural/dependencies/third-party/clapack/3.2.1/LIB/libf2c.lib",
				);
				OTHER_REZFLAGS = "";
				PRODUCT_NAME = LibLA;
				SECTORDER_FLAGS = "";
				SYMROOT = /Users/yosefbedaso/Documents/GitHub/Libstructural/build_x64/LibLA;
				USE_HEADERMAP = NO;
				WARNING_CFLAGS = (
					"-Wmost",
					"-Wno-four-char-constants",
					"-Wno-unknown-pragmas",
					"$(inherited)",
				);
			};
			name = Debug;
		};
		9C2B853972EE4BB790400820 /* RelWithDebInfo */ = {
			isa = XCBuildConfiguration;
			buildSettings = {
				COMBINE_HIDPI_IMAGES = YES;
				GCC_GENERATE_DEBUGGING_SYMBOLS = YES;
				GCC_INLINES_ARE_PRIVATE_EXTERN = NO;
				GCC_OPTIMIZATION_LEVEL = 0;
				GCC_PREPROCESSOR_DEFINITIONS = "'CMAKE_INTDIR=\"$(CONFIGURATION)$(EFFECTIVE_PLATFORM_NAME)\"'";
				GCC_SYMBOLS_PRIVATE_EXTERN = NO;
				HEADER_SEARCH_PATHS = "/Users/yosefbedaso/Documents/GitHub/Libstructural/dependencies/libsbml-5.15.0-vs2017-release-64/include";
				INSTALL_PATH = "";
				LIBRARY_SEARCH_PATHS = "/Users/yosefbedaso/Documents/GitHub/Libstructural/dependencies/third-party/clapack/3.2.1/LIB/lapack.lib";
				OTHER_LDFLAGS = " ";
				OTHER_REZFLAGS = "";
				PRODUCT_NAME = ALL_BUILD;
				SECTORDER_FLAGS = "";
				SYMROOT = /Users/yosefbedaso/Documents/GitHub/Libstructural/build_x64;
				USE_HEADERMAP = NO;
				WARNING_CFLAGS = (
					"-Wmost",
					"-Wno-four-char-constants",
					"-Wno-unknown-pragmas",
					"$(inherited)",
				);
			};
			name = RelWithDebInfo;
		};
		A01DFAC3F42C4CABAE276C02 /* RelWithDebInfo */ = {
			isa = XCBuildConfiguration;
			buildSettings = {
				COMBINE_HIDPI_IMAGES = YES;
				GCC_GENERATE_DEBUGGING_SYMBOLS = YES;
				GCC_INLINES_ARE_PRIVATE_EXTERN = NO;
				GCC_OPTIMIZATION_LEVEL = 0;
				GCC_PREPROCESSOR_DEFINITIONS = "'CMAKE_INTDIR=\"$(CONFIGURATION)$(EFFECTIVE_PLATFORM_NAME)\"'";
				GCC_SYMBOLS_PRIVATE_EXTERN = NO;
				HEADER_SEARCH_PATHS = "/Users/yosefbedaso/Documents/GitHub/Libstructural/dependencies/libsbml-5.15.0-vs2017-release-64/include";
				INSTALL_PATH = "";
				OTHER_LDFLAGS = " ";
				OTHER_REZFLAGS = "";
				PRODUCT_NAME = package;
				SECTORDER_FLAGS = "";
				SYMROOT = /Users/yosefbedaso/Documents/GitHub/Libstructural/build_x64;
				USE_HEADERMAP = NO;
				WARNING_CFLAGS = (
					"-Wmost",
					"-Wno-four-char-constants",
					"-Wno-unknown-pragmas",
					"$(inherited)",
				);
			};
			name = RelWithDebInfo;
		};
		A609102808FD4481B6C77B97 /* Release */ = {
			isa = XCBuildConfiguration;
			buildSettings = {
				COMBINE_HIDPI_IMAGES = YES;
				EXECUTABLE_PREFIX = lib;
				EXECUTABLE_SUFFIX = .a;
				GCC_GENERATE_DEBUGGING_SYMBOLS = NO;
				GCC_INLINES_ARE_PRIVATE_EXTERN = NO;
				GCC_OPTIMIZATION_LEVEL = 3;
				GCC_PREPROCESSOR_DEFINITIONS = (
					"'CMAKE_INTDIR=\"$(CONFIGURATION)$(EFFECTIVE_PLATFORM_NAME)\"'",
					MACOSX,
					DARWIN,
					LINUX,
					"'PACKAGE_VERSION=\"1.1.0-a1\"'",
					"'PACKAGE_NAME=\"LibStructural\"'",
					LPSOLVE_STATIC,
				);
				GCC_SYMBOLS_PRIVATE_EXTERN = NO;
				HEADER_SEARCH_PATHS = (
					"/Users/yosefbedaso/Documents/GitHub/Libstructural/dependencies/libsbml-5.15.0-vs2017-release-64/include",
					/Users/yosefbedaso/Documents/GitHub/Libstructural/LibStructural,
					/Users/yosefbedaso/Documents/GitHub/Libstructural/LibStructural/../include,
				);
				INSTALL_PATH = "";
				LIBRARY_STYLE = STATIC;
				OTHER_CPLUSPLUSFLAGS = (
					"-fPIC",
					"-DNDEBUG",
				);
				OTHER_LIBTOOLFLAGS = " ";
				OTHER_REZFLAGS = "";
				PRODUCT_NAME = "LibStructural-static";
				SECTORDER_FLAGS = "";
				SYMROOT = /Users/yosefbedaso/Documents/GitHub/Libstructural/build_x64/LibStructural;
				USE_HEADERMAP = NO;
				WARNING_CFLAGS = (
					"-Wmost",
					"-Wno-four-char-constants",
					"-Wno-unknown-pragmas",
					"$(inherited)",
				);
			};
			name = Release;
		};
		B95F6E85F4EB4017A506F634 /* RelWithDebInfo */ = {
			isa = XCBuildConfiguration;
			buildSettings = {
				COMBINE_HIDPI_IMAGES = YES;
				GCC_GENERATE_DEBUGGING_SYMBOLS = YES;
				GCC_INLINES_ARE_PRIVATE_EXTERN = NO;
				GCC_OPTIMIZATION_LEVEL = 0;
				GCC_PREPROCESSOR_DEFINITIONS = "'CMAKE_INTDIR=\"$(CONFIGURATION)$(EFFECTIVE_PLATFORM_NAME)\"'";
				GCC_SYMBOLS_PRIVATE_EXTERN = NO;
				HEADER_SEARCH_PATHS = "/Users/yosefbedaso/Documents/GitHub/Libstructural/dependencies/libsbml-5.15.0-vs2017-release-64/include";
				INSTALL_PATH = "";
				OTHER_LDFLAGS = " ";
				OTHER_REZFLAGS = "";
				PRODUCT_NAME = ZERO_CHECK;
				SECTORDER_FLAGS = "";
				SYMROOT = /Users/yosefbedaso/Documents/GitHub/Libstructural/build_x64;
				USE_HEADERMAP = NO;
				WARNING_CFLAGS = (
					"-Wmost",
					"-Wno-four-char-constants",
					"-Wno-unknown-pragmas",
					"$(inherited)",
				);
			};
			name = RelWithDebInfo;
		};
		C19DD46CEB8B4802871684C7 /* Release */ = {
			isa = XCBuildConfiguration;
			buildSettings = {
				ONLY_ACTIVE_ARCH = YES;
				SDKROOT = /Applications/Xcode.app/Contents/Developer/Platforms/MacOSX.platform/Developer/SDKs/MacOSX10.12.sdk;
				SYMROOT = /Users/yosefbedaso/Documents/GitHub/Libstructural/build_x64/build;
			};
			name = Release;
		};
		C42371DF2433483FBAED5278 /* MinSizeRel */ = {
			isa = XCBuildConfiguration;
			buildSettings = {
				ONLY_ACTIVE_ARCH = YES;
				SDKROOT = /Applications/Xcode.app/Contents/Developer/Platforms/MacOSX.platform/Developer/SDKs/MacOSX10.12.sdk;
				SYMROOT = /Users/yosefbedaso/Documents/GitHub/Libstructural/build_x64/build;
			};
			name = MinSizeRel;
		};
		C5D3CAC8898A40559EC45FF5 /* RelWithDebInfo */ = {
			isa = XCBuildConfiguration;
			buildSettings = {
				COMBINE_HIDPI_IMAGES = YES;
				EXECUTABLE_PREFIX = lib;
				EXECUTABLE_SUFFIX = .a;
				GCC_GENERATE_DEBUGGING_SYMBOLS = YES;
				GCC_INLINES_ARE_PRIVATE_EXTERN = NO;
				GCC_OPTIMIZATION_LEVEL = 2;
				GCC_PREPROCESSOR_DEFINITIONS = (
					"'CMAKE_INTDIR=\"$(CONFIGURATION)$(EFFECTIVE_PLATFORM_NAME)\"'",
					MACOSX,
					DARWIN,
					LINUX,
					"'PACKAGE_VERSION=\"1.1.0-a1\"'",
					"'PACKAGE_NAME=\"LibStructural\"'",
					LPSOLVE_STATIC,
				);
				GCC_SYMBOLS_PRIVATE_EXTERN = NO;
				HEADER_SEARCH_PATHS = (
					"/Users/yosefbedaso/Documents/GitHub/Libstructural/dependencies/libsbml-5.15.0-vs2017-release-64/include",
					/Users/yosefbedaso/Documents/GitHub/Libstructural/LibStructural,
					/Users/yosefbedaso/Documents/GitHub/Libstructural/LibStructural/../include,
				);
				INSTALL_PATH = "";
				LIBRARY_STYLE = STATIC;
				OTHER_CPLUSPLUSFLAGS = (
					"-fPIC",
					"-DNDEBUG",
				);
				OTHER_LIBTOOLFLAGS = " ";
				OTHER_REZFLAGS = "";
				PRODUCT_NAME = "LibStructural-static";
				SECTORDER_FLAGS = "";
				SYMROOT = /Users/yosefbedaso/Documents/GitHub/Libstructural/build_x64/LibStructural;
				USE_HEADERMAP = NO;
				WARNING_CFLAGS = (
					"-Wmost",
					"-Wno-four-char-constants",
					"-Wno-unknown-pragmas",
					"$(inherited)",
				);
			};
			name = RelWithDebInfo;
		};
		CED2494C55F2468FBA4BA9E2 /* Release */ = {
			isa = XCBuildConfiguration;
			buildSettings = {
				COMBINE_HIDPI_IMAGES = YES;
				EXECUTABLE_PREFIX = lib;
				EXECUTABLE_SUFFIX = .a;
				GCC_GENERATE_DEBUGGING_SYMBOLS = NO;
				GCC_INLINES_ARE_PRIVATE_EXTERN = NO;
				GCC_OPTIMIZATION_LEVEL = 3;
				GCC_PREPROCESSOR_DEFINITIONS = (
					"'CMAKE_INTDIR=\"$(CONFIGURATION)$(EFFECTIVE_PLATFORM_NAME)\"'",
					MACOSX,
					DARWIN,
					LINUX,
					"'PACKAGE_VERSION=\"1.1.0-a1\"'",
					"'PACKAGE_NAME=\"LibStructural\"'",
				);
				GCC_SYMBOLS_PRIVATE_EXTERN = NO;
				HEADER_SEARCH_PATHS = (
					"/Users/yosefbedaso/Documents/GitHub/Libstructural/dependencies/libsbml-5.15.0-vs2017-release-64/include",
					/Users/yosefbedaso/Documents/GitHub/Libstructural/LibLA,
					/Users/yosefbedaso/Documents/GitHub/Libstructural/LibLA/../include,
				);
				INSTALL_PATH = "";
				LIBRARY_STYLE = STATIC;
				OTHER_CPLUSPLUSFLAGS = (
					"-fPIC",
					"-DNDEBUG",
				);
				OTHER_LIBTOOLFLAGS = " ";
				OTHER_REZFLAGS = "";
				PRODUCT_NAME = "LibLA-static";
				SECTORDER_FLAGS = "";
				SYMROOT = /Users/yosefbedaso/Documents/GitHub/Libstructural/build_x64/LibLA;
				USE_HEADERMAP = NO;
				WARNING_CFLAGS = (
					"-Wmost",
					"-Wno-four-char-constants",
					"-Wno-unknown-pragmas",
					"$(inherited)",
				);
			};
			name = Release;
		};
		D069BE39739A4257BFB00AD5 /* Debug */ = {
			isa = XCBuildConfiguration;
			buildSettings = {
				COMBINE_HIDPI_IMAGES = YES;
				DYLIB_COMPATIBILITY_VERSION = "";
				DYLIB_CURRENT_VERSION = "";
				EXECUTABLE_PREFIX = lib;
				EXECUTABLE_SUFFIX = .dylib;
				GCC_GENERATE_DEBUGGING_SYMBOLS = YES;
				GCC_INLINES_ARE_PRIVATE_EXTERN = NO;
				GCC_OPTIMIZATION_LEVEL = 0;
				GCC_PREPROCESSOR_DEFINITIONS = (
					"'CMAKE_INTDIR=\"$(CONFIGURATION)$(EFFECTIVE_PLATFORM_NAME)\"'",
					LibStructural_EXPORTS,
					MACOSX,
					DARWIN,
					LINUX,
					"'PACKAGE_VERSION=\"1.1.0-a1\"'",
					"'PACKAGE_NAME=\"LibStructural\"'",
					LPSOLVE_STATIC,
				);
				GCC_SYMBOLS_PRIVATE_EXTERN = NO;
				HEADER_SEARCH_PATHS = (
					"/Users/yosefbedaso/Documents/GitHub/Libstructural/dependencies/libsbml-5.15.0-vs2017-release-64/include",
					/Users/yosefbedaso/Documents/GitHub/Libstructural/LibStructural,
					/Users/yosefbedaso/Documents/GitHub/Libstructural/LibStructural/../include,
				);
				INSTALL_PATH = /Users/yosefbedaso/Documents/GitHub/Libstructural/build_x64/LibStructural/Debug;
				LIBRARY_SEARCH_PATHS = "";
				LIBRARY_STYLE = DYNAMIC;
				OTHER_CPLUSPLUSFLAGS = (
					"-fPIC",
					"-fPIC",
				);
				OTHER_LDFLAGS = (
					"-dynamiclib",
					"-Wl,-headerpad_max_install_names",
					"/Users/yosefbedaso/Documents/GitHub/Libstructural/dependencies/libsbml-5.15.0-vs2017-release-64/lib/libsbml.lib",
					"/Users/yosefbedaso/Documents/GitHub/Libstructural/build_x64/LibLA/Debug/libLibLA-static.a",
					"/Users/yosefbedaso/Documents/GitHub/Libstructural/dependencies/libsbml-5.15.0-vs2017-release-64/lib/libxml2.lib",
					"/Users/yosefbedaso/Documents/GitHub/Libstructural/dependencies/libsbml-5.15.0-vs2017-release-64/lib/libbz2.lib",
					"/Users/yosefbedaso/Documents/GitHub/Libstructural/dependencies/third-party/clapack/3.2.1/LIB/lapack.lib",
					"/Users/yosefbedaso/Documents/GitHub/Libstructural/dependencies/third-party/clapack/3.2.1/LIB/blas.lib",
					"/Users/yosefbedaso/Documents/GitHub/Libstructural/dependencies/third-party/clapack/3.2.1/LIB/libf2c.lib",
					"-llpsolve-static",
				);
				OTHER_REZFLAGS = "";
				PRODUCT_NAME = LibStructural;
				SECTORDER_FLAGS = "";
				SYMROOT = /Users/yosefbedaso/Documents/GitHub/Libstructural/build_x64/LibStructural;
				USE_HEADERMAP = NO;
				WARNING_CFLAGS = (
					"-Wmost",
					"-Wno-four-char-constants",
					"-Wno-unknown-pragmas",
					"$(inherited)",
				);
			};
			name = Debug;
		};
		D5BF2CA844A84DF7871A3E50 /* RelWithDebInfo */ = {
			isa = XCBuildConfiguration;
			buildSettings = {
				COMBINE_HIDPI_IMAGES = YES;
				GCC_GENERATE_DEBUGGING_SYMBOLS = YES;
				GCC_INLINES_ARE_PRIVATE_EXTERN = NO;
				GCC_OPTIMIZATION_LEVEL = 0;
				GCC_PREPROCESSOR_DEFINITIONS = "'CMAKE_INTDIR=\"$(CONFIGURATION)$(EFFECTIVE_PLATFORM_NAME)\"'";
				GCC_SYMBOLS_PRIVATE_EXTERN = NO;
				HEADER_SEARCH_PATHS = "/Users/yosefbedaso/Documents/GitHub/Libstructural/dependencies/libsbml-5.15.0-vs2017-release-64/include";
				INSTALL_PATH = "";
				OTHER_LDFLAGS = " ";
				OTHER_REZFLAGS = "";
				PRODUCT_NAME = install;
				SECTORDER_FLAGS = "";
				SYMROOT = /Users/yosefbedaso/Documents/GitHub/Libstructural/build_x64;
				USE_HEADERMAP = NO;
				WARNING_CFLAGS = (
					"-Wmost",
					"-Wno-four-char-constants",
					"-Wno-unknown-pragmas",
					"$(inherited)",
				);
			};
			name = RelWithDebInfo;
		};
		E9F36A59731E4D918AB01090 /* Release */ = {
			isa = XCBuildConfiguration;
			buildSettings = {
				COMBINE_HIDPI_IMAGES = YES;
				DYLIB_COMPATIBILITY_VERSION = "";
				DYLIB_CURRENT_VERSION = "";
				EXECUTABLE_PREFIX = lib;
				EXECUTABLE_SUFFIX = .dylib;
				GCC_GENERATE_DEBUGGING_SYMBOLS = NO;
				GCC_INLINES_ARE_PRIVATE_EXTERN = NO;
				GCC_OPTIMIZATION_LEVEL = 3;
				GCC_PREPROCESSOR_DEFINITIONS = (
					"'CMAKE_INTDIR=\"$(CONFIGURATION)$(EFFECTIVE_PLATFORM_NAME)\"'",
					LibStructural_EXPORTS,
					MACOSX,
					DARWIN,
					LINUX,
					"'PACKAGE_VERSION=\"1.1.0-a1\"'",
					"'PACKAGE_NAME=\"LibStructural\"'",
					LPSOLVE_STATIC,
				);
				GCC_SYMBOLS_PRIVATE_EXTERN = NO;
				HEADER_SEARCH_PATHS = (
					"/Users/yosefbedaso/Documents/GitHub/Libstructural/dependencies/libsbml-5.15.0-vs2017-release-64/include",
					/Users/yosefbedaso/Documents/GitHub/Libstructural/LibStructural,
					/Users/yosefbedaso/Documents/GitHub/Libstructural/LibStructural/../include,
				);
				INSTALL_PATH = /Users/yosefbedaso/Documents/GitHub/Libstructural/build_x64/LibStructural/Release;
				LIBRARY_SEARCH_PATHS = "";
				LIBRARY_STYLE = DYNAMIC;
				OTHER_CPLUSPLUSFLAGS = (
					"-fPIC",
					"-DNDEBUG",
					"-fPIC",
				);
				OTHER_LDFLAGS = (
					"-dynamiclib",
					"-Wl,-headerpad_max_install_names",
					"/Users/yosefbedaso/Documents/GitHub/Libstructural/dependencies/libsbml-5.15.0-vs2017-release-64/lib/libsbml.lib",
					"/Users/yosefbedaso/Documents/GitHub/Libstructural/build_x64/LibLA/Release/libLibLA-static.a",
					"/Users/yosefbedaso/Documents/GitHub/Libstructural/dependencies/libsbml-5.15.0-vs2017-release-64/lib/libxml2.lib",
					"/Users/yosefbedaso/Documents/GitHub/Libstructural/dependencies/libsbml-5.15.0-vs2017-release-64/lib/libbz2.lib",
					"/Users/yosefbedaso/Documents/GitHub/Libstructural/dependencies/third-party/clapack/3.2.1/LIB/lapack.lib",
					"/Users/yosefbedaso/Documents/GitHub/Libstructural/dependencies/third-party/clapack/3.2.1/LIB/blas.lib",
					"/Users/yosefbedaso/Documents/GitHub/Libstructural/dependencies/third-party/clapack/3.2.1/LIB/libf2c.lib",
					"-llpsolve-static",
				);
				OTHER_REZFLAGS = "";
				PRODUCT_NAME = LibStructural;
				SECTORDER_FLAGS = "";
				SYMROOT = /Users/yosefbedaso/Documents/GitHub/Libstructural/build_x64/LibStructural;
				USE_HEADERMAP = NO;
				WARNING_CFLAGS = (
					"-Wmost",
					"-Wno-four-char-constants",
					"-Wno-unknown-pragmas",
					"$(inherited)",
				);
			};
			name = Release;
		};
		F388DEDBED6B4552BE35FAD0 /* Release */ = {
			isa = XCBuildConfiguration;
			buildSettings = {
				COMBINE_HIDPI_IMAGES = YES;
				DYLIB_COMPATIBILITY_VERSION = "";
				DYLIB_CURRENT_VERSION = "";
				EXECUTABLE_PREFIX = lib;
				EXECUTABLE_SUFFIX = .dylib;
				GCC_GENERATE_DEBUGGING_SYMBOLS = NO;
				GCC_INLINES_ARE_PRIVATE_EXTERN = NO;
				GCC_OPTIMIZATION_LEVEL = 3;
				GCC_PREPROCESSOR_DEFINITIONS = (
					"'CMAKE_INTDIR=\"$(CONFIGURATION)$(EFFECTIVE_PLATFORM_NAME)\"'",
					LibLA_EXPORTS,
					MACOSX,
					DARWIN,
					LINUX,
					"'PACKAGE_VERSION=\"1.1.0-a1\"'",
					"'PACKAGE_NAME=\"LibStructural\"'",
				);
				GCC_SYMBOLS_PRIVATE_EXTERN = NO;
				HEADER_SEARCH_PATHS = (
					"/Users/yosefbedaso/Documents/GitHub/Libstructural/dependencies/libsbml-5.15.0-vs2017-release-64/include",
					/Users/yosefbedaso/Documents/GitHub/Libstructural/LibLA,
					/Users/yosefbedaso/Documents/GitHub/Libstructural/LibLA/../include,
				);
				INSTALL_PATH = /Users/yosefbedaso/Documents/GitHub/Libstructural/build_x64/LibLA/Release;
				LIBRARY_SEARCH_PATHS = "";
				LIBRARY_STYLE = DYNAMIC;
				OTHER_CPLUSPLUSFLAGS = (
					"-fPIC",
					"-DNDEBUG",
					"-fPIC",
				);
				OTHER_LDFLAGS = (
					"-dynamiclib",
					"-Wl,-headerpad_max_install_names",
					"/Users/yosefbedaso/Documents/GitHub/Libstructural/dependencies/third-party/clapack/3.2.1/LIB/lapack.lib",
					"/Users/yosefbedaso/Documents/GitHub/Libstructural/dependencies/third-party/clapack/3.2.1/LIB/blas.lib",
					"/Users/yosefbedaso/Documents/GitHub/Libstructural/dependencies/third-party/clapack/3.2.1/LIB/libf2c.lib",
				);
				OTHER_REZFLAGS = "";
				PRODUCT_NAME = LibLA;
				SECTORDER_FLAGS = "";
				SYMROOT = /Users/yosefbedaso/Documents/GitHub/Libstructural/build_x64/LibLA;
				USE_HEADERMAP = NO;
				WARNING_CFLAGS = (
					"-Wmost",
					"-Wno-four-char-constants",
					"-Wno-unknown-pragmas",
					"$(inherited)",
				);
			};
			name = Release;
		};
		F3FD2ECF513B4FD4A8DF9571 /* MinSizeRel */ = {
			isa = XCBuildConfiguration;
			buildSettings = {
				COMBINE_HIDPI_IMAGES = YES;
				GCC_GENERATE_DEBUGGING_SYMBOLS = YES;
				GCC_INLINES_ARE_PRIVATE_EXTERN = NO;
				GCC_OPTIMIZATION_LEVEL = 0;
				GCC_PREPROCESSOR_DEFINITIONS = "'CMAKE_INTDIR=\"$(CONFIGURATION)$(EFFECTIVE_PLATFORM_NAME)\"'";
				GCC_SYMBOLS_PRIVATE_EXTERN = NO;
				HEADER_SEARCH_PATHS = "/Users/yosefbedaso/Documents/GitHub/Libstructural/dependencies/libsbml-5.15.0-vs2017-release-64/include";
				INSTALL_PATH = "";
				LIBRARY_SEARCH_PATHS = "/Users/yosefbedaso/Documents/GitHub/Libstructural/dependencies/third-party/clapack/3.2.1/LIB/lapack.lib";
				OTHER_LDFLAGS = " ";
				OTHER_REZFLAGS = "";
				PRODUCT_NAME = ALL_BUILD;
				SECTORDER_FLAGS = "";
				SYMROOT = /Users/yosefbedaso/Documents/GitHub/Libstructural/build_x64;
				USE_HEADERMAP = NO;
				WARNING_CFLAGS = (
					"-Wmost",
					"-Wno-four-char-constants",
					"-Wno-unknown-pragmas",
					"$(inherited)",
				);
			};
			name = MinSizeRel;
		};
/* End XCBuildConfiguration section */

/* Begin XCConfigurationList section */
		0646CBF2DF9B4B73BF0DFEEE /* Build configuration list for PBXAggregateTarget "install" */ = {
			isa = XCConfigurationList;
			buildConfigurations = (
				7E7107A8FEB74ECF9A8CF92F /* Debug */,
				8E13D30FD55F41C6816D60BE /* Release */,
				6C02BA2E4E7242CB8567E19C /* MinSizeRel */,
				D5BF2CA844A84DF7871A3E50 /* RelWithDebInfo */,
			);
			defaultConfigurationIsVisible = 0;
			defaultConfigurationName = Debug;
		};
		26F78976E8B5417E9657D824 /* Build configuration list for PBXNativeTarget "LibLA" */ = {
			isa = XCConfigurationList;
			buildConfigurations = (
				9871B5143F3F491FBCDBCA8F /* Debug */,
				F388DEDBED6B4552BE35FAD0 /* Release */,
				4A7279741C2A4CC18E75E1F4 /* MinSizeRel */,
				21995E518A994CB69AB1C67D /* RelWithDebInfo */,
			);
			defaultConfigurationIsVisible = 0;
			defaultConfigurationName = Debug;
		};
		4D12155D6E974DDA90AF1768 /* Build configuration list for PBXAggregateTarget "ALL_BUILD" */ = {
			isa = XCConfigurationList;
			buildConfigurations = (
				69DFECD75F1840EBA0C4FAD2 /* Debug */,
				5A99DCAB4114450EB548A92C /* Release */,
				F3FD2ECF513B4FD4A8DF9571 /* MinSizeRel */,
				9C2B853972EE4BB790400820 /* RelWithDebInfo */,
			);
			defaultConfigurationIsVisible = 0;
			defaultConfigurationName = Debug;
		};
		715B5B04238B473F980A0290 /* Build configuration list for PBXNativeTarget "LibLA-static" */ = {
			isa = XCConfigurationList;
			buildConfigurations = (
				413F17F202544460B1AECE2A /* Debug */,
				CED2494C55F2468FBA4BA9E2 /* Release */,
				492BBD2E7D7D449BB8919F15 /* MinSizeRel */,
				85028975B1C84CD0B92E1287 /* RelWithDebInfo */,
			);
			defaultConfigurationIsVisible = 0;
			defaultConfigurationName = Debug;
		};
		9691E4E360C84251B30C261F /* Build configuration list for PBXProject "LibStructural" */ = {
			isa = XCConfigurationList;
			buildConfigurations = (
				23E623DD166649C3944E3F7F /* Debug */,
				C19DD46CEB8B4802871684C7 /* Release */,
				C42371DF2433483FBAED5278 /* MinSizeRel */,
				22AA62D0064A450AA7F670BC /* RelWithDebInfo */,
			);
			defaultConfigurationIsVisible = 0;
			defaultConfigurationName = Debug;
		};
		9EFD29347D844E8C9E2DE883 /* Build configuration list for PBXAggregateTarget "ZERO_CHECK" */ = {
			isa = XCConfigurationList;
			buildConfigurations = (
				83D3A80D01AD41C59B641F87 /* Debug */,
				14068CEB1E7E479EBB7E0BD0 /* Release */,
				27C74C809ADC4B649E873CEF /* MinSizeRel */,
				B95F6E85F4EB4017A506F634 /* RelWithDebInfo */,
			);
			defaultConfigurationIsVisible = 0;
			defaultConfigurationName = Debug;
		};
		A038F2A1B8FB4E53ACCF18B0 /* Build configuration list for PBXAggregateTarget "package" */ = {
			isa = XCConfigurationList;
			buildConfigurations = (
				210DB2B33B674D33A060B05C /* Debug */,
				24CD4DB372674CBF8AC154D3 /* Release */,
				0F2E1CBDCB1E4DC893B7C2DA /* MinSizeRel */,
				A01DFAC3F42C4CABAE276C02 /* RelWithDebInfo */,
			);
			defaultConfigurationIsVisible = 0;
			defaultConfigurationName = Debug;
		};
		BD751C4E9B144A0FA958E423 /* Build configuration list for PBXNativeTarget "LibStructural" */ = {
			isa = XCConfigurationList;
			buildConfigurations = (
				D069BE39739A4257BFB00AD5 /* Debug */,
				E9F36A59731E4D918AB01090 /* Release */,
				778289779B974CD1A715EAE1 /* MinSizeRel */,
				88AB8815A8B842559C600408 /* RelWithDebInfo */,
			);
			defaultConfigurationIsVisible = 0;
			defaultConfigurationName = Debug;
		};
		F7961C7C5B664429AFC6081D /* Build configuration list for PBXNativeTarget "LibStructural-static" */ = {
			isa = XCConfigurationList;
			buildConfigurations = (
				4C91030F41634D128A4F59DB /* Debug */,
				A609102808FD4481B6C77B97 /* Release */,
				0F620402FBFE4FD288620B0D /* MinSizeRel */,
				C5D3CAC8898A40559EC45FF5 /* RelWithDebInfo */,
			);
			defaultConfigurationIsVisible = 0;
			defaultConfigurationName = Debug;
		};
/* End XCConfigurationList section */
	};
	rootObject = C49E854777CD44739260B018 /* Project object */;
}
