Microsoft Visual Studio Solution File, Format Version 12.00
# Visual Studio 15
Project("{8BC9CEB8-8B4A-11D0-8D11-00A0C91BC942}") = "ALL_BUILD", "ALL_BUILD.vcxproj", "{392AC5F8-D767-33B0-BF52-0F33D46456B8}"
	ProjectSection(ProjectDependencies) = postProject
		{FAEDADD6-65FA-39F5-BAE4-929B46296C61} = {FAEDADD6-65FA-39F5-BAE4-929B46296C61}
		{E054FEE2-4089-3BC6-A931-D826D553DD7F} = {E054FEE2-4089-3BC6-A931-D826D553DD7F}
		{5DF82A57-ADEA-34AF-8BB4-6C8526868C87} = {5DF82A57-ADEA-34AF-8BB4-6C8526868C87}
	EndProjectSection
EndProject
Project("{8BC9CEB8-8B4A-11D0-8D11-00A0C91BC942}") = "INSTALL", "INSTALL.vcxproj", "{F1E7BF7D-00F1-3802-B16F-C694138158A5}"
	ProjectSection(ProjectDependencies) = postProject
		{392AC5F8-D767-33B0-BF52-0F33D46456B8} = {392AC5F8-D767-33B0-BF52-0F33D46456B8}
		{5DF82A57-ADEA-34AF-8BB4-6C8526868C87} = {5DF82A57-ADEA-34AF-8BB4-6C8526868C87}
	EndProjectSection
EndProject
Project("{8BC9CEB8-8B4A-11D0-8D11-00A0C91BC942}") = "LibLA", "LibLA.vcxproj", "{FAEDADD6-65FA-39F5-BAE4-929B46296C61}"
	ProjectSection(ProjectDependencies) = postProject
		{5DF82A57-ADEA-34AF-8BB4-6C8526868C87} = {5DF82A57-ADEA-34AF-8BB4-6C8526868C87}
	EndProjectSection
EndProject
Project("{8BC9CEB8-8B4A-11D0-8D11-00A0C91BC942}") = "LibLA-static", "LibLA-static.vcxproj", "{E054FEE2-4089-3BC6-A931-D826D553DD7F}"
	ProjectSection(ProjectDependencies) = postProject
		{5DF82A57-ADEA-34AF-8BB4-6C8526868C87} = {5DF82A57-ADEA-34AF-8BB4-6C8526868C87}
	EndProjectSection
EndProject
Project("{8BC9CEB8-8B4A-11D0-8D11-00A0C91BC942}") = "ZERO_CHECK", "ZERO_CHECK.vcxproj", "{5DF82A57-ADEA-34AF-8BB4-6C8526868C87}"
	ProjectSection(ProjectDependencies) = postProject
	EndProjectSection
EndProject
Global
	GlobalSection(SolutionConfigurationPlatforms) = preSolution
		Debug|x64 = Debug|x64
		Release|x64 = Release|x64
		MinSizeRel|x64 = MinSizeRel|x64
		RelWithDebInfo|x64 = RelWithDebInfo|x64
	EndGlobalSection
	GlobalSection(ProjectConfigurationPlatforms) = postSolution
		{392AC5F8-D767-33B0-BF52-0F33D46456B8}.Debug|x64.ActiveCfg = Debug|x64
		{392AC5F8-D767-33B0-BF52-0F33D46456B8}.Debug|x64.Build.0 = Debug|x64
		{392AC5F8-D767-33B0-BF52-0F33D46456B8}.Release|x64.ActiveCfg = Release|x64
		{392AC5F8-D767-33B0-BF52-0F33D46456B8}.Release|x64.Build.0 = Release|x64
		{392AC5F8-D767-33B0-BF52-0F33D46456B8}.MinSizeRel|x64.ActiveCfg = MinSizeRel|x64
		{392AC5F8-D767-33B0-BF52-0F33D46456B8}.MinSizeRel|x64.Build.0 = MinSizeRel|x64
		{392AC5F8-D767-33B0-BF52-0F33D46456B8}.RelWithDebInfo|x64.ActiveCfg = RelWithDebInfo|x64
		{392AC5F8-D767-33B0-BF52-0F33D46456B8}.RelWithDebInfo|x64.Build.0 = RelWithDebInfo|x64
		{F1E7BF7D-00F1-3802-B16F-C694138158A5}.Debug|x64.ActiveCfg = Debug|x64
		{F1E7BF7D-00F1-3802-B16F-C694138158A5}.Release|x64.ActiveCfg = Release|x64
		{F1E7BF7D-00F1-3802-B16F-C694138158A5}.MinSizeRel|x64.ActiveCfg = MinSizeRel|x64
		{F1E7BF7D-00F1-3802-B16F-C694138158A5}.RelWithDebInfo|x64.ActiveCfg = RelWithDebInfo|x64
		{FAEDADD6-65FA-39F5-BAE4-929B46296C61}.Debug|x64.ActiveCfg = Debug|x64
		{FAEDADD6-65FA-39F5-BAE4-929B46296C61}.Debug|x64.Build.0 = Debug|x64
		{FAEDADD6-65FA-39F5-BAE4-929B46296C61}.Release|x64.ActiveCfg = Release|x64
		{FAEDADD6-65FA-39F5-BAE4-929B46296C61}.Release|x64.Build.0 = Release|x64
		{FAEDADD6-65FA-39F5-BAE4-929B46296C61}.MinSizeRel|x64.ActiveCfg = MinSizeRel|x64
		{FAEDADD6-65FA-39F5-BAE4-929B46296C61}.MinSizeRel|x64.Build.0 = MinSizeRel|x64
		{FAEDADD6-65FA-39F5-BAE4-929B46296C61}.RelWithDebInfo|x64.ActiveCfg = RelWithDebInfo|x64
		{FAEDADD6-65FA-39F5-BAE4-929B46296C61}.RelWithDebInfo|x64.Build.0 = RelWithDebInfo|x64
		{E054FEE2-4089-3BC6-A931-D826D553DD7F}.Debug|x64.ActiveCfg = Debug|x64
		{E054FEE2-4089-3BC6-A931-D826D553DD7F}.Debug|x64.Build.0 = Debug|x64
		{E054FEE2-4089-3BC6-A931-D826D553DD7F}.Release|x64.ActiveCfg = Release|x64
		{E054FEE2-4089-3BC6-A931-D826D553DD7F}.Release|x64.Build.0 = Release|x64
		{E054FEE2-4089-3BC6-A931-D826D553DD7F}.MinSizeRel|x64.ActiveCfg = MinSizeRel|x64
		{E054FEE2-4089-3BC6-A931-D826D553DD7F}.MinSizeRel|x64.Build.0 = MinSizeRel|x64
		{E054FEE2-4089-3BC6-A931-D826D553DD7F}.RelWithDebInfo|x64.ActiveCfg = RelWithDebInfo|x64
		{E054FEE2-4089-3BC6-A931-D826D553DD7F}.RelWithDebInfo|x64.Build.0 = RelWithDebInfo|x64
		{5DF82A57-ADEA-34AF-8BB4-6C8526868C87}.Debug|x64.ActiveCfg = Debug|x64
		{5DF82A57-ADEA-34AF-8BB4-6C8526868C87}.Debug|x64.Build.0 = Debug|x64
		{5DF82A57-ADEA-34AF-8BB4-6C8526868C87}.Release|x64.ActiveCfg = Release|x64
		{5DF82A57-ADEA-34AF-8BB4-6C8526868C87}.Release|x64.Build.0 = Release|x64
		{5DF82A57-ADEA-34AF-8BB4-6C8526868C87}.MinSizeRel|x64.ActiveCfg = MinSizeRel|x64
		{5DF82A57-ADEA-34AF-8BB4-6C8526868C87}.MinSizeRel|x64.Build.0 = MinSizeRel|x64
		{5DF82A57-ADEA-34AF-8BB4-6C8526868C87}.RelWithDebInfo|x64.ActiveCfg = RelWithDebInfo|x64
		{5DF82A57-ADEA-34AF-8BB4-6C8526868C87}.RelWithDebInfo|x64.Build.0 = RelWithDebInfo|x64
	EndGlobalSection
	GlobalSection(ExtensibilityGlobals) = postSolution
		SolutionGuid = {BA57C827-CBD2-3FD6-A2DF-866791FDB3E2}
	EndGlobalSection
	GlobalSection(ExtensibilityAddIns) = postSolution
	EndGlobalSection
EndGlobal
