<?xml version="1.0" encoding="UTF-8"?>
<Project ToolsVersion="15.0" xmlns="http://schemas.microsoft.com/developer/msbuild/2003">
  <ItemGroup>
    <CustomBuild Include="C:\Users\yosef\Documents\Visual Studio 2017\Projects\libstruct\install_x64\CMakeFiles\bd5d7ab717c9e73ab900de97e127983c\generate.stamp.rule">
      <Filter>CMake Rules</Filter>
    </CustomBuild>
  </ItemGroup>
  <ItemGroup>
    <Filter Include="CMake Rules">
      <UniqueIdentifier>{4C6FB2F0-B3FB-363B-8095-7A28E653CF9A}</UniqueIdentifier>
    </Filter>
  </ItemGroup>
</Project>
