<?xml version="1.0" encoding="UTF-8"?>
<Project ToolsVersion="15.0" xmlns="http://schemas.microsoft.com/developer/msbuild/2003">
  <ItemGroup>
    <CustomBuild Include="C:\Users\yosef\Documents\Visual Studio 2017\Projects\Libstructural\build_x64\CMakeFiles\ee93445957a8f2cb6332e9148ce7619c\PACKAGE_force.rule">
      <Filter>CMake Rules</Filter>
    </CustomBuild>
  </ItemGroup>
  <ItemGroup>
    <Filter Include="CMake Rules">
      <UniqueIdentifier>{76D8226E-91BD-3AA6-8A41-FAB1941460B0}</UniqueIdentifier>
    </Filter>
  </ItemGroup>
</Project>
